// !$*UTF8*$!
{
	archiveVersion = 1;
	classes = {
	};
	objectVersion = 48;
	objects = {

/* Begin PBXBuildFile section */
		53C353961DEB6CA700E33073 /* AppDelegate.swift in Sources */ = {isa = PBXBuildFile; fileRef = 53C353951DEB6CA700E33073 /* AppDelegate.swift */; };
		53C3539D1DEB6CA700E33073 /* Assets.xcassets in Resources */ = {isa = PBXBuildFile; fileRef = 53C3539C1DEB6CA700E33073 /* Assets.xcassets */; };
		53C353A01DEB6CA700E33073 /* LaunchScreen.storyboard in Resources */ = {isa = PBXBuildFile; fileRef = 53C3539E1DEB6CA700E33073 /* LaunchScreen.storyboard */; };
		53C353A91DEB6D2200E33073 /* Main.storyboard in Resources */ = {isa = PBXBuildFile; fileRef = 53C353AB1DEB6D2200E33073 /* Main.storyboard */; };
		53C353AE1DEB6DB100E33073 /* AdaptiveScrollView.swift in Sources */ = {isa = PBXBuildFile; fileRef = 53C353AC1DEB6DB100E33073 /* AdaptiveScrollView.swift */; };
		53C353AF1DEB6DB100E33073 /* SignUpViewController.swift in Sources */ = {isa = PBXBuildFile; fileRef = 53C353AD1DEB6DB100E33073 /* SignUpViewController.swift */; };
		53C353B51DEB735B00E33073 /* UIRefreshControl+UYL.swift in Sources */ = {isa = PBXBuildFile; fileRef = 53C353B41DEB735B00E33073 /* UIRefreshControl+UYL.swift */; };
		53C353B81DEB767F00E33073 /* UIRefreshControl.strings in Resources */ = {isa = PBXBuildFile; fileRef = 53C353BA1DEB767F00E33073 /* UIRefreshControl.strings */; };
/* End PBXBuildFile section */

/* Begin PBXFileReference section */
		53C353921DEB6CA700E33073 /* RefreshScroll.app */ = {isa = PBXFileReference; explicitFileType = wrapper.application; includeInIndex = 0; path = RefreshScroll.app; sourceTree = BUILT_PRODUCTS_DIR; };
		53C353951DEB6CA700E33073 /* AppDelegate.swift */ = {isa = PBXFileReference; lastKnownFileType = sourcecode.swift; path = AppDelegate.swift; sourceTree = "<group>"; };
		53C3539C1DEB6CA700E33073 /* Assets.xcassets */ = {isa = PBXFileReference; lastKnownFileType = folder.assetcatalog; path = Assets.xcassets; sourceTree = "<group>"; };
		53C3539F1DEB6CA700E33073 /* Base */ = {isa = PBXFileReference; lastKnownFileType = file.storyboard; name = Base; path = Base.lproj/LaunchScreen.storyboard; sourceTree = "<group>"; };
		53C353A11DEB6CA700E33073 /* Info.plist */ = {isa = PBXFileReference; lastKnownFileType = text.plist.xml; path = Info.plist; sourceTree = "<group>"; };
		53C353AA1DEB6D2200E33073 /* Base */ = {isa = PBXFileReference; lastKnownFileType = file.storyboard; name = Base; path = Base.lproj/Main.storyboard; sourceTree = "<group>"; };
		53C353AC1DEB6DB100E33073 /* AdaptiveScrollView.swift */ = {isa = PBXFileReference; fileEncoding = 4; lastKnownFileType = sourcecode.swift; path = AdaptiveScrollView.swift; sourceTree = "<group>"; };
		53C353AD1DEB6DB100E33073 /* SignUpViewController.swift */ = {isa = PBXFileReference; fileEncoding = 4; lastKnownFileType = sourcecode.swift; path = SignUpViewController.swift; sourceTree = "<group>"; };
		53C353B21DEB707100E33073 /* README.md */ = {isa = PBXFileReference; fileEncoding = 4; lastKnownFileType = net.daringfireball.markdown; path = README.md; sourceTree = "<group>"; };
		53C353B41DEB735B00E33073 /* UIRefreshControl+UYL.swift */ = {isa = PBXFileReference; fileEncoding = 4; lastKnownFileType = sourcecode.swift; path = "UIRefreshControl+UYL.swift"; sourceTree = "<group>"; };
		53C353B91DEB767F00E33073 /* Base */ = {isa = PBXFileReference; lastKnownFileType = text.plist.strings; name = Base; path = Base.lproj/UIRefreshControl.strings; sourceTree = "<group>"; };
/* End PBXFileReference section */

/* Begin PBXFrameworksBuildPhase section */
		53C3538F1DEB6CA700E33073 /* Frameworks */ = {
			isa = PBXFrameworksBuildPhase;
			buildActionMask = 2147483647;
			files = (
			);
			runOnlyForDeploymentPostprocessing = 0;
		};
/* End PBXFrameworksBuildPhase section */

/* Begin PBXGroup section */
		53C353891DEB6CA700E33073 = {
			isa = PBXGroup;
			children = (
				53C353B21DEB707100E33073 /* README.md */,
				53C353941DEB6CA700E33073 /* RefreshScroll */,
				53C353931DEB6CA700E33073 /* Products */,
			);
			sourceTree = "<group>";
		};
		53C353931DEB6CA700E33073 /* Products */ = {
			isa = PBXGroup;
			children = (
				53C353921DEB6CA700E33073 /* RefreshScroll.app */,
			);
			name = Products;
			sourceTree = "<group>";
		};
		53C353941DEB6CA700E33073 /* RefreshScroll */ = {
			isa = PBXGroup;
			children = (
				53C353AD1DEB6DB100E33073 /* SignUpViewController.swift */,
				53C353951DEB6CA700E33073 /* AppDelegate.swift */,
				53C353AC1DEB6DB100E33073 /* AdaptiveScrollView.swift */,
				53C353B41DEB735B00E33073 /* UIRefreshControl+UYL.swift */,
				53C353BA1DEB767F00E33073 /* UIRefreshControl.strings */,
				53C3539C1DEB6CA700E33073 /* Assets.xcassets */,
				53C3539E1DEB6CA700E33073 /* LaunchScreen.storyboard */,
				53C353AB1DEB6D2200E33073 /* Main.storyboard */,
				53C353A11DEB6CA700E33073 /* Info.plist */,
			);
			path = RefreshScroll;
			sourceTree = "<group>";
		};
/* End PBXGroup section */

/* Begin PBXNativeTarget section */
		53C353911DEB6CA700E33073 /* RefreshScroll */ = {
			isa = PBXNativeTarget;
			buildConfigurationList = 53C353A41DEB6CA700E33073 /* Build configuration list for PBXNativeTarget "RefreshScroll" */;
			buildPhases = (
				53C3538E1DEB6CA700E33073 /* Sources */,
				53C3538F1DEB6CA700E33073 /* Frameworks */,
				53C353901DEB6CA700E33073 /* Resources */,
			);
			buildRules = (
			);
			dependencies = (
			);
			name = RefreshScroll;
			productName = RefreshScroll;
			productReference = 53C353921DEB6CA700E33073 /* RefreshScroll.app */;
			productType = "com.apple.product-type.application";
		};
/* End PBXNativeTarget section */

/* Begin PBXProject section */
		53C3538A1DEB6CA700E33073 /* Project object */ = {
			isa = PBXProject;
			attributes = {
				LastSwiftUpdateCheck = 0810;
				LastUpgradeCheck = 0810;
				ORGANIZATIONNAME = "Keith Harrison";
				TargetAttributes = {
					53C353911DEB6CA700E33073 = {
						CreatedOnToolsVersion = 8.1;
						DevelopmentTeam = LCC2J94N44;
						ProvisioningStyle = Automatic;
					};
				};
			};
			buildConfigurationList = 53C3538D1DEB6CA700E33073 /* Build configuration list for PBXProject "RefreshScroll" */;
			compatibilityVersion = "Xcode 8.0";
			developmentRegion = English;
			hasScannedForEncodings = 0;
			knownRegions = (
				en,
				Base,
			);
			mainGroup = 53C353891DEB6CA700E33073;
			productRefGroup = 53C353931DEB6CA700E33073 /* Products */;
			projectDirPath = "";
			projectRoot = "";
			targets = (
				53C353911DEB6CA700E33073 /* RefreshScroll */,
			);
		};
/* End PBXProject section */

/* Begin PBXResourcesBuildPhase section */
		53C353901DEB6CA700E33073 /* Resources */ = {
			isa = PBXResourcesBuildPhase;
			buildActionMask = 2147483647;
			files = (
				53C353A91DEB6D2200E33073 /* Main.storyboard in Resources */,
				53C353A01DEB6CA700E33073 /* LaunchScreen.storyboard in Resources */,
				53C353B81DEB767F00E33073 /* UIRefreshControl.strings in Resources */,
				53C3539D1DEB6CA700E33073 /* Assets.xcassets in Resources */,
			);
			runOnlyForDeploymentPostprocessing = 0;
		};
/* End PBXResourcesBuildPhase section */

/* Begin PBXSourcesBuildPhase section */
		53C3538E1DEB6CA700E33073 /* Sources */ = {
			isa = PBXSourcesBuildPhase;
			buildActionMask = 2147483647;
			files = (
				53C353B51DEB735B00E33073 /* UIRefreshControl+UYL.swift in Sources */,
				53C353AF1DEB6DB100E33073 /* SignUpViewController.swift in Sources */,
				53C353961DEB6CA700E33073 /* AppDelegate.swift in Sources */,
				53C353AE1DEB6DB100E33073 /* AdaptiveScrollView.swift in Sources */,
			);
			runOnlyForDeploymentPostprocessing = 0;
		};
/* End PBXSourcesBuildPhase section */

/* Begin PBXVariantGroup section */
		53C3539E1DEB6CA700E33073 /* LaunchScreen.storyboard */ = {
			isa = PBXVariantGroup;
			children = (
				53C3539F1DEB6CA700E33073 /* Base */,
			);
			name = LaunchScreen.storyboard;
			sourceTree = "<group>";
		};
		53C353AB1DEB6D2200E33073 /* Main.storyboard */ = {
			isa = PBXVariantGroup;
			children = (
				53C353AA1DEB6D2200E33073 /* Base */,
			);
			name = Main.storyboard;
			sourceTree = "<group>";
		};
		53C353BA1DEB767F00E33073 /* UIRefreshControl.strings */ = {
			isa = PBXVariantGroup;
			children = (
				53C353B91DEB767F00E33073 /* Base */,
			);
			name = UIRefreshControl.strings;
			sourceTree = "<group>";
		};
/* End PBXVariantGroup section */

/* Begin XCBuildConfiguration section */
		53C353A21DEB6CA700E33073 /* Debug */ = {
			isa = XCBuildConfiguration;
			buildSettings = {
				ALWAYS_SEARCH_USER_PATHS = NO;
				CLANG_ANALYZER_NONNULL = YES;
				CLANG_CXX_LANGUAGE_STANDARD = "gnu++0x";
				CLANG_CXX_LIBRARY = "libc++";
				CLANG_ENABLE_MODULES = YES;
				CLANG_ENABLE_OBJC_ARC = YES;
				CLANG_WARN_BOOL_CONVERSION = YES;
				CLANG_WARN_CONSTANT_CONVERSION = YES;
				CLANG_WARN_DIRECT_OBJC_ISA_USAGE = YES_ERROR;
				CLANG_WARN_DOCUMENTATION_COMMENTS = YES;
				CLANG_WARN_EMPTY_BODY = YES;
				CLANG_WARN_ENUM_CONVERSION = YES;
				CLANG_WARN_INFINITE_RECURSION = YES;
				CLANG_WARN_INT_CONVERSION = YES;
				CLANG_WARN_OBJC_ROOT_CLASS = YES_ERROR;
				CLANG_WARN_SUSPICIOUS_MOVES = YES;
				CLANG_WARN_UNREACHABLE_CODE = YES;
				CLANG_WARN__DUPLICATE_METHOD_MATCH = YES;
				"CODE_SIGN_IDENTITY[sdk=iphoneos*]" = "iPhone Developer";
				COPY_PHASE_STRIP = NO;
				DEBUG_INFORMATION_FORMAT = dwarf;
				ENABLE_STRICT_OBJC_MSGSEND = YES;
				ENABLE_TESTABILITY = YES;
				GCC_C_LANGUAGE_STANDARD = gnu99;
				GCC_DYNAMIC_NO_PIC = NO;
				GCC_NO_COMMON_BLOCKS = YES;
				GCC_OPTIMIZATION_LEVEL = 0;
				GCC_PREPROCESSOR_DEFINITIONS = (
					"DEBUG=1",
					"$(inherited)",
				);
				GCC_WARN_64_TO_32_BIT_CONVERSION = YES;
				GCC_WARN_ABOUT_RETURN_TYPE = YES_ERROR;
				GCC_WARN_UNDECLARED_SELECTOR = YES;
				GCC_WARN_UNINITIALIZED_AUTOS = YES_AGGRESSIVE;
				GCC_WARN_UNUSED_FUNCTION = YES;
				GCC_WARN_UNUSED_VARIABLE = YES;
				IPHONEOS_DEPLOYMENT_TARGET = 10.1;
				MTL_ENABLE_DEBUG_INFO = YES;
				ONLY_ACTIVE_ARCH = YES;
				SDKROOT = iphoneos;
				SWIFT_ACTIVE_COMPILATION_CONDITIONS = DEBUG;
				SWIFT_OPTIMIZATION_LEVEL = "-Onone";
				TARGETED_DEVICE_FAMILY = "1,2";
			};
			name = Debug;
		};
		53C353A31DEB6CA700E33073 /* Release */ = {
			isa = XCBuildConfiguration;
			buildSettings = {
				ALWAYS_SEARCH_USER_PATHS = NO;
				CLANG_ANALYZER_NONNULL = YES;
				CLANG_CXX_LANGUAGE_STANDARD = "gnu++0x";
				CLANG_CXX_LIBRARY = "libc++";
				CLANG_ENABLE_MODULES = YES;
				CLANG_ENABLE_OBJC_ARC = YES;
				CLANG_WARN_BOOL_CONVERSION = YES;
				CLANG_WARN_CONSTANT_CONVERSION = YES;
				CLANG_WARN_DIRECT_OBJC_ISA_USAGE = YES_ERROR;
				CLANG_WARN_DOCUMENTATION_COMMENTS = YES;
				CLANG_WARN_EMPTY_BODY = YES;
				CLANG_WARN_ENUM_CONVERSION = YES;
				CLANG_WARN_INFINITE_RECURSION = YES;
				CLANG_WARN_INT_CONVERSION = YES;
				CLANG_WARN_OBJC_ROOT_CLASS = YES_ERROR;
				CLANG_WARN_SUSPICIOUS_MOVES = YES;
				CLANG_WARN_UNREACHABLE_CODE = YES;
				CLANG_WARN__DUPLICATE_METHOD_MATCH = YES;
				"CODE_SIGN_IDENTITY[sdk=iphoneos*]" = "iPhone Developer";
				COPY_PHASE_STRIP = NO;
				DEBUG_INFORMATION_FORMAT = "dwarf-with-dsym";
				ENABLE_NS_ASSERTIONS = NO;
				ENABLE_STRICT_OBJC_MSGSEND = YES;
				GCC_C_LANGUAGE_STANDARD = gnu99;
				GCC_NO_COMMON_BLOCKS = YES;
				GCC_WARN_64_TO_32_BIT_CONVERSION = YES;
				GCC_WARN_ABOUT_RETURN_TYPE = YES_ERROR;
				GCC_WARN_UNDECLARED_SELECTOR = YES;
				GCC_WARN_UNINITIALIZED_AUTOS = YES_AGGRESSIVE;
				GCC_WARN_UNUSED_FUNCTION = YES;
				GCC_WARN_UNUSED_VARIABLE = YES;
				IPHONEOS_DEPLOYMENT_TARGET = 10.1;
				MTL_ENABLE_DEBUG_INFO = NO;
				SDKROOT = iphoneos;
				SWIFT_OPTIMIZATION_LEVEL = "-Owholemodule";
				TARGETED_DEVICE_FAMILY = "1,2";
				VALIDATE_PRODUCT = YES;
			};
			name = Release;
		};
		53C353A51DEB6CA700E33073 /* Debug */ = {
			isa = XCBuildConfiguration;
			buildSettings = {
				ASSETCATALOG_COMPILER_APPICON_NAME = AppIcon;
				DEVELOPMENT_TEAM = LCC2J94N44;
				INFOPLIST_FILE = RefreshScroll/Info.plist;
				LD_RUNPATH_SEARCH_PATHS = "$(inherited) @executable_path/Frameworks";
				PRODUCT_BUNDLE_IDENTIFIER = com.useyourloaf.RefreshScroll;
				PRODUCT_NAME = "$(TARGET_NAME)";
				SWIFT_VERSION = 3.0;
			};
			name = Debug;
		};
		53C353A61DEB6CA700E33073 /* Release */ = {
			isa = XCBuildConfiguration;
			buildSettings = {
				ASSETCATALOG_COMPILER_APPICON_NAME = AppIcon;
				DEVELOPMENT_TEAM = LCC2J94N44;
				INFOPLIST_FILE = RefreshScroll/Info.plist;
				LD_RUNPATH_SEARCH_PATHS = "$(inherited) @executable_path/Frameworks";
				PRODUCT_BUNDLE_IDENTIFIER = com.useyourloaf.RefreshScroll;
				PRODUCT_NAME = "$(TARGET_NAME)";
				SWIFT_VERSION = 3.0;
			};
			name = Release;
		};
/* End XCBuildConfiguration section */

/* Begin XCConfigurationList section */
		53C3538D1DEB6CA700E33073 /* Build configuration list for PBXProject "RefreshScroll" */ = {
			isa = XCConfigurationList;
			buildConfigurations = (
				53C353A21DEB6CA700E33073 /* Debug */,
				53C353A31DEB6CA700E33073 /* Release */,
			);
			defaultConfigurationIsVisible = 0;
			defaultConfigurationName = Release;
		};
		53C353A41DEB6CA700E33073 /* Build configuration list for PBXNativeTarget "RefreshScroll" */ = {
			isa = XCConfigurationList;
			buildConfigurations = (
				53C353A51DEB6CA700E33073 /* Debug */,
				53C353A61DEB6CA700E33073 /* Release */,
			);
			defaultConfigurationIsVisible = 0;
			defaultConfigurationName = Release;
		};
/* End XCConfigurationList section */
	};
	rootObject = 53C3538A1DEB6CA700E33073 /* Project object */;
}
