// !$*UTF8*$!
{
	archiveVersion = 1;
	classes = {
	};
	objectVersion = 46;
	objects = {

/* Begin PBXBuildFile section */
		5305B53E15E6310900AC81F4 /* UYLZeroButton.m in Sources */ = {isa = PBXBuildFile; fileRef = 5305B53D15E6310900AC81F4 /* UYLZeroButton.m */; };
		5305B54615E6408500AC81F4 /* divider.png in Resources */ = {isa = PBXBuildFile; fileRef = 5305B54415E6408500AC81F4 /* divider.png */; };
		5305B54715E6408500AC81F4 /* divider@2x.png in Resources */ = {isa = PBXBuildFile; fileRef = 5305B54515E6408500AC81F4 /* divider@2x.png */; };
		532F266715BDDF7A00321881 /* UYLRotatingViewController.m in Sources */ = {isa = PBXBuildFile; fileRef = 532F266615BDDF7A00321881 /* UYLRotatingViewController.m */; };
		532F267915BDE44F00321881 /* UYLResetButton.m in Sources */ = {isa = PBXBuildFile; fileRef = 532F267815BDE44F00321881 /* UYLResetButton.m */; };
		532F267C15BDEAEB00321881 /* UYLStyleController.m in Sources */ = {isa = PBXBuildFile; fileRef = 532F267B15BDEAEB00321881 /* UYLStyleController.m */; };
		535734EA15B75876006F0E6A /* UIKit.framework in Frameworks */ = {isa = PBXBuildFile; fileRef = 535734E915B75876006F0E6A /* UIKit.framework */; };
		535734EC15B75876006F0E6A /* Foundation.framework in Frameworks */ = {isa = PBXBuildFile; fileRef = 535734EB15B75876006F0E6A /* Foundation.framework */; };
		535734EE15B75876006F0E6A /* CoreGraphics.framework in Frameworks */ = {isa = PBXBuildFile; fileRef = 535734ED15B75876006F0E6A /* CoreGraphics.framework */; };
		535734F415B75876006F0E6A /* InfoPlist.strings in Resources */ = {isa = PBXBuildFile; fileRef = 535734F215B75876006F0E6A /* InfoPlist.strings */; };
		535734F615B75877006F0E6A /* main.m in Sources */ = {isa = PBXBuildFile; fileRef = 535734F515B75877006F0E6A /* main.m */; };
		535734FA15B75878006F0E6A /* UYLAppDelegate.m in Sources */ = {isa = PBXBuildFile; fileRef = 535734F915B75878006F0E6A /* UYLAppDelegate.m */; };
		5357350015B75878006F0E6A /* UYLListViewController.m in Sources */ = {isa = PBXBuildFile; fileRef = 535734FF15B75878006F0E6A /* UYLListViewController.m */; };
		5374A30A15B7698400B796D2 /* MainStoryboard.storyboard in Resources */ = {isa = PBXBuildFile; fileRef = 5374A30915B7698400B796D2 /* MainStoryboard.storyboard */; };
		53AA526415E56F7A000C8D04 /* green-button.png in Resources */ = {isa = PBXBuildFile; fileRef = 53AA525615E56F7A000C8D04 /* green-button.png */; };
		53AA526515E56F7A000C8D04 /* green-button@2x.png in Resources */ = {isa = PBXBuildFile; fileRef = 53AA525715E56F7A000C8D04 /* green-button@2x.png */; };
		53AA526615E56F7A000C8D04 /* navbar-landscape.png in Resources */ = {isa = PBXBuildFile; fileRef = 53AA525815E56F7A000C8D04 /* navbar-landscape.png */; };
		53AA526715E56F7A000C8D04 /* navbar-landscape@2x.png in Resources */ = {isa = PBXBuildFile; fileRef = 53AA525915E56F7A000C8D04 /* navbar-landscape@2x.png */; };
		53AA526815E56F7A000C8D04 /* navbar.png in Resources */ = {isa = PBXBuildFile; fileRef = 53AA525A15E56F7A000C8D04 /* navbar.png */; };
		53AA526915E56F7A000C8D04 /* navbar@2x.png in Resources */ = {isa = PBXBuildFile; fileRef = 53AA525B15E56F7A000C8D04 /* navbar@2x.png */; };
		53AA526A15E56F7A000C8D04 /* orange-button.png in Resources */ = {isa = PBXBuildFile; fileRef = 53AA525C15E56F7A000C8D04 /* orange-button.png */; };
		53AA526B15E56F7A000C8D04 /* orange-button@2x.png in Resources */ = {isa = PBXBuildFile; fileRef = 53AA525D15E56F7A000C8D04 /* orange-button@2x.png */; };
		53AA526E15E56F7A000C8D04 /* red-button.png in Resources */ = {isa = PBXBuildFile; fileRef = 53AA526015E56F7A000C8D04 /* red-button.png */; };
		53AA526F15E56F7A000C8D04 /* red-button@2x.png in Resources */ = {isa = PBXBuildFile; fileRef = 53AA526115E56F7A000C8D04 /* red-button@2x.png */; };
		53AA527015E56F7A000C8D04 /* steel-button.png in Resources */ = {isa = PBXBuildFile; fileRef = 53AA526215E56F7A000C8D04 /* steel-button.png */; };
		53AA527115E56F7A000C8D04 /* steel-button@2x.png in Resources */ = {isa = PBXBuildFile; fileRef = 53AA526315E56F7A000C8D04 /* steel-button@2x.png */; };
		53AA527715E57B0C000C8D04 /* back-button.png in Resources */ = {isa = PBXBuildFile; fileRef = 53AA527615E57B0C000C8D04 /* back-button.png */; };
		53AA527915E58E9B000C8D04 /* back-button@2x.png in Resources */ = {isa = PBXBuildFile; fileRef = 53AA527815E58E9B000C8D04 /* back-button@2x.png */; };
		53AA527C15E591BF000C8D04 /* back-button-landscape.png in Resources */ = {isa = PBXBuildFile; fileRef = 53AA527A15E591BF000C8D04 /* back-button-landscape.png */; };
		53AA527D15E591BF000C8D04 /* back-button-landscape@2x.png in Resources */ = {isa = PBXBuildFile; fileRef = 53AA527B15E591BF000C8D04 /* back-button-landscape@2x.png */; };
		53E2967015BF36C800D8AD2A /* UYLOkButton.m in Sources */ = {isa = PBXBuildFile; fileRef = 53E2966F15BF36C800D8AD2A /* UYLOkButton.m */; };
/* End PBXBuildFile section */

/* Begin PBXFileReference section */
		5305B53C15E6310900AC81F4 /* UYLZeroButton.h */ = {isa = PBXFileReference; fileEncoding = 4; lastKnownFileType = sourcecode.c.h; path = UYLZeroButton.h; sourceTree = "<group>"; };
		5305B53D15E6310900AC81F4 /* UYLZeroButton.m */ = {isa = PBXFileReference; fileEncoding = 4; lastKnownFileType = sourcecode.c.objc; path = UYLZeroButton.m; sourceTree = "<group>"; };
		5305B54415E6408500AC81F4 /* divider.png */ = {isa = PBXFileReference; lastKnownFileType = image.png; path = divider.png; sourceTree = "<group>"; };
		5305B54515E6408500AC81F4 /* divider@2x.png */ = {isa = PBXFileReference; lastKnownFileType = image.png; path = "divider@2x.png"; sourceTree = "<group>"; };
		532F266515BDDF7A00321881 /* UYLRotatingViewController.h */ = {isa = PBXFileReference; fileEncoding = 4; lastKnownFileType = sourcecode.c.h; path = UYLRotatingViewController.h; sourceTree = "<group>"; };
		532F266615BDDF7A00321881 /* UYLRotatingViewController.m */ = {isa = PBXFileReference; fileEncoding = 4; lastKnownFileType = sourcecode.c.objc; path = UYLRotatingViewController.m; sourceTree = "<group>"; };
		532F267715BDE44F00321881 /* UYLResetButton.h */ = {isa = PBXFileReference; fileEncoding = 4; lastKnownFileType = sourcecode.c.h; path = UYLResetButton.h; sourceTree = "<group>"; };
		532F267815BDE44F00321881 /* UYLResetButton.m */ = {isa = PBXFileReference; fileEncoding = 4; lastKnownFileType = sourcecode.c.objc; path = UYLResetButton.m; sourceTree = "<group>"; };
		532F267A15BDEAEA00321881 /* UYLStyleController.h */ = {isa = PBXFileReference; fileEncoding = 4; lastKnownFileType = sourcecode.c.h; path = UYLStyleController.h; sourceTree = "<group>"; };
		532F267B15BDEAEB00321881 /* UYLStyleController.m */ = {isa = PBXFileReference; fileEncoding = 4; lastKnownFileType = sourcecode.c.objc; path = UYLStyleController.m; sourceTree = "<group>"; };
		535734E515B75876006F0E6A /* Styles.app */ = {isa = PBXFileReference; explicitFileType = wrapper.application; includeInIndex = 0; path = Styles.app; sourceTree = BUILT_PRODUCTS_DIR; };
		535734E915B75876006F0E6A /* UIKit.framework */ = {isa = PBXFileReference; lastKnownFileType = wrapper.framework; name = UIKit.framework; path = System/Library/Frameworks/UIKit.framework; sourceTree = SDKROOT; };
		535734EB15B75876006F0E6A /* Foundation.framework */ = {isa = PBXFileReference; lastKnownFileType = wrapper.framework; name = Foundation.framework; path = System/Library/Frameworks/Foundation.framework; sourceTree = SDKROOT; };
		535734ED15B75876006F0E6A /* CoreGraphics.framework */ = {isa = PBXFileReference; lastKnownFileType = wrapper.framework; name = CoreGraphics.framework; path = System/Library/Frameworks/CoreGraphics.framework; sourceTree = SDKROOT; };
		535734F115B75876006F0E6A /* Styles-Info.plist */ = {isa = PBXFileReference; lastKnownFileType = text.plist.xml; path = "Styles-Info.plist"; sourceTree = "<group>"; };
		535734F315B75876006F0E6A /* en */ = {isa = PBXFileReference; lastKnownFileType = text.plist.strings; name = en; path = en.lproj/InfoPlist.strings; sourceTree = "<group>"; };
		535734F515B75877006F0E6A /* main.m */ = {isa = PBXFileReference; lastKnownFileType = sourcecode.c.objc; path = main.m; sourceTree = "<group>"; };
		535734F715B75877006F0E6A /* Styles-Prefix.pch */ = {isa = PBXFileReference; lastKnownFileType = sourcecode.c.h; path = "Styles-Prefix.pch"; sourceTree = "<group>"; };
		535734F815B75878006F0E6A /* UYLAppDelegate.h */ = {isa = PBXFileReference; lastKnownFileType = sourcecode.c.h; path = UYLAppDelegate.h; sourceTree = "<group>"; };
		535734F915B75878006F0E6A /* UYLAppDelegate.m */ = {isa = PBXFileReference; lastKnownFileType = sourcecode.c.objc; path = UYLAppDelegate.m; sourceTree = "<group>"; };
		535734FE15B75878006F0E6A /* UYLListViewController.h */ = {isa = PBXFileReference; lastKnownFileType = sourcecode.c.h; path = UYLListViewController.h; sourceTree = "<group>"; };
		535734FF15B75878006F0E6A /* UYLListViewController.m */ = {isa = PBXFileReference; lastKnownFileType = sourcecode.c.objc; path = UYLListViewController.m; sourceTree = "<group>"; };
		5374A30915B7698400B796D2 /* MainStoryboard.storyboard */ = {isa = PBXFileReference; fileEncoding = 4; lastKnownFileType = file.storyboard; path = MainStoryboard.storyboard; sourceTree = "<group>"; };
		53AA525615E56F7A000C8D04 /* green-button.png */ = {isa = PBXFileReference; lastKnownFileType = image.png; path = "green-button.png"; sourceTree = "<group>"; };
		53AA525715E56F7A000C8D04 /* green-button@2x.png */ = {isa = PBXFileReference; lastKnownFileType = image.png; path = "green-button@2x.png"; sourceTree = "<group>"; };
		53AA525815E56F7A000C8D04 /* navbar-landscape.png */ = {isa = PBXFileReference; lastKnownFileType = image.png; path = "navbar-landscape.png"; sourceTree = "<group>"; };
		53AA525915E56F7A000C8D04 /* navbar-landscape@2x.png */ = {isa = PBXFileReference; lastKnownFileType = image.png; path = "navbar-landscape@2x.png"; sourceTree = "<group>"; };
		53AA525A15E56F7A000C8D04 /* navbar.png */ = {isa = PBXFileReference; lastKnownFileType = image.png; path = navbar.png; sourceTree = "<group>"; };
		53AA525B15E56F7A000C8D04 /* navbar@2x.png */ = {isa = PBXFileReference; lastKnownFileType = image.png; path = "navbar@2x.png"; sourceTree = "<group>"; };
		53AA525C15E56F7A000C8D04 /* orange-button.png */ = {isa = PBXFileReference; lastKnownFileType = image.png; path = "orange-button.png"; sourceTree = "<group>"; };
		53AA525D15E56F7A000C8D04 /* orange-button@2x.png */ = {isa = PBXFileReference; lastKnownFileType = image.png; path = "orange-button@2x.png"; sourceTree = "<group>"; };
		53AA526015E56F7A000C8D04 /* red-button.png */ = {isa = PBXFileReference; lastKnownFileType = image.png; path = "red-button.png"; sourceTree = "<group>"; };
		53AA526115E56F7A000C8D04 /* red-button@2x.png */ = {isa = PBXFileReference; lastKnownFileType = image.png; path = "red-button@2x.png"; sourceTree = "<group>"; };
		53AA526215E56F7A000C8D04 /* steel-button.png */ = {isa = PBXFileReference; lastKnownFileType = image.png; path = "steel-button.png"; sourceTree = "<group>"; };
		53AA526315E56F7A000C8D04 /* steel-button@2x.png */ = {isa = PBXFileReference; lastKnownFileType = image.png; path = "steel-button@2x.png"; sourceTree = "<group>"; };
		53AA527615E57B0C000C8D04 /* back-button.png */ = {isa = PBXFileReference; lastKnownFileType = image.png; path = "back-button.png"; sourceTree = "<group>"; };
		53AA527815E58E9B000C8D04 /* back-button@2x.png */ = {isa = PBXFileReference; lastKnownFileType = image.png; path = "back-button@2x.png"; sourceTree = "<group>"; };
		53AA527A15E591BF000C8D04 /* back-button-landscape.png */ = {isa = PBXFileReference; lastKnownFileType = image.png; path = "back-button-landscape.png"; sourceTree = "<group>"; };
		53AA527B15E591BF000C8D04 /* back-button-landscape@2x.png */ = {isa = PBXFileReference; lastKnownFileType = image.png; path = "back-button-landscape@2x.png"; sourceTree = "<group>"; };
		53E2966E15BF36C800D8AD2A /* UYLOkButton.h */ = {isa = PBXFileReference; fileEncoding = 4; lastKnownFileType = sourcecode.c.h; path = UYLOkButton.h; sourceTree = "<group>"; };
		53E2966F15BF36C800D8AD2A /* UYLOkButton.m */ = {isa = PBXFileReference; fileEncoding = 4; lastKnownFileType = sourcecode.c.objc; path = UYLOkButton.m; sourceTree = "<group>"; };
/* End PBXFileReference section */

/* Begin PBXFrameworksBuildPhase section */
		535734E215B75876006F0E6A /* Frameworks */ = {
			isa = PBXFrameworksBuildPhase;
			buildActionMask = 2147483647;
			files = (
				535734EA15B75876006F0E6A /* UIKit.framework in Frameworks */,
				535734EC15B75876006F0E6A /* Foundation.framework in Frameworks */,
				535734EE15B75876006F0E6A /* CoreGraphics.framework in Frameworks */,
			);
			runOnlyForDeploymentPostprocessing = 0;
		};
/* End PBXFrameworksBuildPhase section */

/* Begin PBXGroup section */
		535734DA15B75875006F0E6A = {
			isa = PBXGroup;
			children = (
				535734EF15B75876006F0E6A /* Styles */,
				535734E815B75876006F0E6A /* Frameworks */,
				535734E615B75876006F0E6A /* Products */,
			);
			sourceTree = "<group>";
		};
		535734E615B75876006F0E6A /* Products */ = {
			isa = PBXGroup;
			children = (
				535734E515B75876006F0E6A /* Styles.app */,
			);
			name = Products;
			sourceTree = "<group>";
		};
		535734E815B75876006F0E6A /* Frameworks */ = {
			isa = PBXGroup;
			children = (
				535734E915B75876006F0E6A /* UIKit.framework */,
				535734EB15B75876006F0E6A /* Foundation.framework */,
				535734ED15B75876006F0E6A /* CoreGraphics.framework */,
			);
			name = Frameworks;
			sourceTree = "<group>";
		};
		535734EF15B75876006F0E6A /* Styles */ = {
			isa = PBXGroup;
			children = (
				53AA525515E56F7A000C8D04 /* Resources */,
				5357351115B75A9B006F0E6A /* Views */,
				5357351215B75AB6006F0E6A /* Controllers */,
				535734F815B75878006F0E6A /* UYLAppDelegate.h */,
				535734F915B75878006F0E6A /* UYLAppDelegate.m */,
				535734F015B75876006F0E6A /* Supporting Files */,
			);
			path = Styles;
			sourceTree = "<group>";
		};
		535734F015B75876006F0E6A /* Supporting Files */ = {
			isa = PBXGroup;
			children = (
				535734F115B75876006F0E6A /* Styles-Info.plist */,
				535734F215B75876006F0E6A /* InfoPlist.strings */,
				535734F515B75877006F0E6A /* main.m */,
				535734F715B75877006F0E6A /* Styles-Prefix.pch */,
			);
			name = "Supporting Files";
			sourceTree = "<group>";
		};
		5357351115B75A9B006F0E6A /* Views */ = {
			isa = PBXGroup;
			children = (
				5374A30915B7698400B796D2 /* MainStoryboard.storyboard */,
				532F267715BDE44F00321881 /* UYLResetButton.h */,
				532F267815BDE44F00321881 /* UYLResetButton.m */,
				53E2966E15BF36C800D8AD2A /* UYLOkButton.h */,
				53E2966F15BF36C800D8AD2A /* UYLOkButton.m */,
				5305B53C15E6310900AC81F4 /* UYLZeroButton.h */,
				5305B53D15E6310900AC81F4 /* UYLZeroButton.m */,
			);
			name = Views;
			sourceTree = "<group>";
		};
		5357351215B75AB6006F0E6A /* Controllers */ = {
			isa = PBXGroup;
			children = (
				535734FE15B75878006F0E6A /* UYLListViewController.h */,
				535734FF15B75878006F0E6A /* UYLListViewController.m */,
				532F266515BDDF7A00321881 /* UYLRotatingViewController.h */,
				532F266615BDDF7A00321881 /* UYLRotatingViewController.m */,
				532F267A15BDEAEA00321881 /* UYLStyleController.h */,
				532F267B15BDEAEB00321881 /* UYLStyleController.m */,
			);
			name = Controllers;
			sourceTree = "<group>";
		};
		53AA525515E56F7A000C8D04 /* Resources */ = {
			isa = PBXGroup;
			children = (
				5305B54415E6408500AC81F4 /* divider.png */,
				5305B54515E6408500AC81F4 /* divider@2x.png */,
				53AA527A15E591BF000C8D04 /* back-button-landscape.png */,
				53AA527B15E591BF000C8D04 /* back-button-landscape@2x.png */,
				53AA527815E58E9B000C8D04 /* back-button@2x.png */,
				53AA527615E57B0C000C8D04 /* back-button.png */,
				53AA525615E56F7A000C8D04 /* green-button.png */,
				53AA525715E56F7A000C8D04 /* green-button@2x.png */,
				53AA525815E56F7A000C8D04 /* navbar-landscape.png */,
				53AA525915E56F7A000C8D04 /* navbar-landscape@2x.png */,
				53AA525A15E56F7A000C8D04 /* navbar.png */,
				53AA525B15E56F7A000C8D04 /* navbar@2x.png */,
				53AA525C15E56F7A000C8D04 /* orange-button.png */,
				53AA525D15E56F7A000C8D04 /* orange-button@2x.png */,
				53AA526015E56F7A000C8D04 /* red-button.png */,
				53AA526115E56F7A000C8D04 /* red-button@2x.png */,
				53AA526215E56F7A000C8D04 /* steel-button.png */,
				53AA526315E56F7A000C8D04 /* steel-button@2x.png */,
			);
			path = Resources;
			sourceTree = "<group>";
		};
/* End PBXGroup section */

/* Begin PBXNativeTarget section */
		535734E415B75876006F0E6A /* Styles */ = {
			isa = PBXNativeTarget;
			buildConfigurationList = 5357350E15B75878006F0E6A /* Build configuration list for PBXNativeTarget "Styles" */;
			buildPhases = (
				535734E115B75876006F0E6A /* Sources */,
				535734E215B75876006F0E6A /* Frameworks */,
				535734E315B75876006F0E6A /* Resources */,
			);
			buildRules = (
			);
			dependencies = (
			);
			name = Styles;
			productName = Styles;
			productReference = 535734E515B75876006F0E6A /* Styles.app */;
			productType = "com.apple.product-type.application";
		};
/* End PBXNativeTarget section */

/* Begin PBXProject section */
		535734DC15B75875006F0E6A /* Project object */ = {
			isa = PBXProject;
			attributes = {
				CLASSPREFIX = UYL;
				LastUpgradeCheck = 0430;
			};
			buildConfigurationList = 535734DF15B75875006F0E6A /* Build configuration list for PBXProject "Styles" */;
			compatibilityVersion = "Xcode 3.2";
			developmentRegion = English;
			hasScannedForEncodings = 0;
			knownRegions = (
				en,
			);
			mainGroup = 535734DA15B75875006F0E6A;
			productRefGroup = 535734E615B75876006F0E6A /* Products */;
			projectDirPath = "";
			projectRoot = "";
			targets = (
				535734E415B75876006F0E6A /* Styles */,
			);
		};
/* End PBXProject section */

/* Begin PBXResourcesBuildPhase section */
		535734E315B75876006F0E6A /* Resources */ = {
			isa = PBXResourcesBuildPhase;
			buildActionMask = 2147483647;
			files = (
				535734F415B75876006F0E6A /* InfoPlist.strings in Resources */,
				5374A30A15B7698400B796D2 /* MainStoryboard.storyboard in Resources */,
				53AA526415E56F7A000C8D04 /* green-button.png in Resources */,
				53AA526515E56F7A000C8D04 /* green-button@2x.png in Resources */,
				53AA526615E56F7A000C8D04 /* navbar-landscape.png in Resources */,
				53AA526715E56F7A000C8D04 /* navbar-landscape@2x.png in Resources */,
				53AA526815E56F7A000C8D04 /* navbar.png in Resources */,
				53AA526915E56F7A000C8D04 /* navbar@2x.png in Resources */,
				53AA526A15E56F7A000C8D04 /* orange-button.png in Resources */,
				53AA526B15E56F7A000C8D04 /* orange-button@2x.png in Resources */,
				53AA526E15E56F7A000C8D04 /* red-button.png in Resources */,
				53AA526F15E56F7A000C8D04 /* red-button@2x.png in Resources */,
				53AA527015E56F7A000C8D04 /* steel-button.png in Resources */,
				53AA527115E56F7A000C8D04 /* steel-button@2x.png in Resources */,
				53AA527715E57B0C000C8D04 /* back-button.png in Resources */,
				53AA527915E58E9B000C8D04 /* back-button@2x.png in Resources */,
				53AA527C15E591BF000C8D04 /* back-button-landscape.png in Resources */,
				53AA527D15E591BF000C8D04 /* back-button-landscape@2x.png in Resources */,
				5305B54615E6408500AC81F4 /* divider.png in Resources */,
				5305B54715E6408500AC81F4 /* divider@2x.png in Resources */,
			);
			runOnlyForDeploymentPostprocessing = 0;
		};
/* End PBXResourcesBuildPhase section */

/* Begin PBXSourcesBuildPhase section */
		535734E115B75876006F0E6A /* Sources */ = {
			isa = PBXSourcesBuildPhase;
			buildActionMask = 2147483647;
			files = (
				535734F615B75877006F0E6A /* main.m in Sources */,
				535734FA15B75878006F0E6A /* UYLAppDelegate.m in Sources */,
				5357350015B75878006F0E6A /* UYLListViewController.m in Sources */,
				532F266715BDDF7A00321881 /* UYLRotatingViewController.m in Sources */,
				532F267915BDE44F00321881 /* UYLResetButton.m in Sources */,
				532F267C15BDEAEB00321881 /* UYLStyleController.m in Sources */,
				53E2967015BF36C800D8AD2A /* UYLOkButton.m in Sources */,
				5305B53E15E6310900AC81F4 /* UYLZeroButton.m in Sources */,
			);
			runOnlyForDeploymentPostprocessing = 0;
		};
/* End PBXSourcesBuildPhase section */

/* Begin PBXVariantGroup section */
		535734F215B75876006F0E6A /* InfoPlist.strings */ = {
			isa = PBXVariantGroup;
			children = (
				535734F315B75876006F0E6A /* en */,
			);
			name = InfoPlist.strings;
			sourceTree = "<group>";
		};
/* End PBXVariantGroup section */

/* Begin XCBuildConfiguration section */
		5357350C15B75878006F0E6A /* Debug */ = {
			isa = XCBuildConfiguration;
			buildSettings = {
				ALWAYS_SEARCH_USER_PATHS = NO;
				ARCHS = "$(ARCHS_STANDARD_32_BIT)";
				CLANG_ENABLE_OBJC_ARC = YES;
				"CODE_SIGN_IDENTITY[sdk=iphoneos*]" = "iPhone Developer";
				COPY_PHASE_STRIP = NO;
				GCC_C_LANGUAGE_STANDARD = gnu99;
				GCC_DYNAMIC_NO_PIC = NO;
				GCC_OPTIMIZATION_LEVEL = 0;
				GCC_PREPROCESSOR_DEFINITIONS = (
					"DEBUG=1",
					"$(inherited)",
				);
				GCC_SYMBOLS_PRIVATE_EXTERN = NO;
				GCC_VERSION = com.apple.compilers.llvm.clang.1_0;
				GCC_WARN_ABOUT_RETURN_TYPE = YES;
				GCC_WARN_UNINITIALIZED_AUTOS = YES;
				GCC_WARN_UNUSED_VARIABLE = YES;
				IPHONEOS_DEPLOYMENT_TARGET = 5.1;
				SDKROOT = iphoneos;
			};
			name = Debug;
		};
		5357350D15B75878006F0E6A /* Release */ = {
			isa = XCBuildConfiguration;
			buildSettings = {
				ALWAYS_SEARCH_USER_PATHS = NO;
				ARCHS = "$(ARCHS_STANDARD_32_BIT)";
				CLANG_ENABLE_OBJC_ARC = YES;
				"CODE_SIGN_IDENTITY[sdk=iphoneos*]" = "iPhone Developer";
				COPY_PHASE_STRIP = YES;
				GCC_C_LANGUAGE_STANDARD = gnu99;
				GCC_VERSION = com.apple.compilers.llvm.clang.1_0;
				GCC_WARN_ABOUT_RETURN_TYPE = YES;
				GCC_WARN_UNINITIALIZED_AUTOS = YES;
				GCC_WARN_UNUSED_VARIABLE = YES;
				IPHONEOS_DEPLOYMENT_TARGET = 5.1;
				OTHER_CFLAGS = "-DNS_BLOCK_ASSERTIONS=1";
				SDKROOT = iphoneos;
				VALIDATE_PRODUCT = YES;
			};
			name = Release;
		};
		5357350F15B75878006F0E6A /* Debug */ = {
			isa = XCBuildConfiguration;
			buildSettings = {
				GCC_PRECOMPILE_PREFIX_HEADER = YES;
				GCC_PREFIX_HEADER = "Styles/Styles-Prefix.pch";
				INFOPLIST_FILE = "Styles/Styles-Info.plist";
				PRODUCT_NAME = "$(TARGET_NAME)";
				WRAPPER_EXTENSION = app;
			};
			name = Debug;
		};
		5357351015B75878006F0E6A /* Release */ = {
			isa = XCBuildConfiguration;
			buildSettings = {
				GCC_PRECOMPILE_PREFIX_HEADER = YES;
				GCC_PREFIX_HEADER = "Styles/Styles-Prefix.pch";
				INFOPLIST_FILE = "Styles/Styles-Info.plist";
				PRODUCT_NAME = "$(TARGET_NAME)";
				WRAPPER_EXTENSION = app;
			};
			name = Release;
		};
/* End XCBuildConfiguration section */

/* Begin XCConfigurationList section */
		535734DF15B75875006F0E6A /* Build configuration list for PBXProject "Styles" */ = {
			isa = XCConfigurationList;
			buildConfigurations = (
				5357350C15B75878006F0E6A /* Debug */,
				5357350D15B75878006F0E6A /* Release */,
			);
			defaultConfigurationIsVisible = 0;
			defaultConfigurationName = Release;
		};
		5357350E15B75878006F0E6A /* Build configuration list for PBXNativeTarget "Styles" */ = {
			isa = XCConfigurationList;
			buildConfigurations = (
				5357350F15B75878006F0E6A /* Debug */,
				5357351015B75878006F0E6A /* Release */,
			);
			defaultConfigurationIsVisible = 0;
			defaultConfigurationName = Release;
		};
/* End XCConfigurationList section */
	};
	rootObject = 535734DC15B75875006F0E6A /* Project object */;
}
