// !$*UTF8*$!
{
	archiveVersion = 1;
	classes = {
	};
	objectVersion = 46;
	objects = {

/* Begin PBXBuildFile section */
		532CADEB158D1286002BEDC8 /* README in Resources */ = {isa = PBXBuildFile; fileRef = 532CADEA158D1286002BEDC8 /* README */; };
		532CADF5158D19D1002BEDC8 /* UYLCountryViewController.m in Sources */ = {isa = PBXBuildFile; fileRef = 532CADF4158D19D1002BEDC8 /* UYLCountryViewController.m */; };
		53524B401691E77100719AF8 /* Default-568h@2x.png in Resources */ = {isa = PBXBuildFile; fileRef = 53524B391691E77100719AF8 /* Default-568h@2x.png */; };
		53524B411691E77100719AF8 /* Default.png in Resources */ = {isa = PBXBuildFile; fileRef = 53524B3A1691E77100719AF8 /* Default.png */; };
		53524B421691E77100719AF8 /* Default@2x.png in Resources */ = {isa = PBXBuildFile; fileRef = 53524B3B1691E77100719AF8 /* Default@2x.png */; };
		53524B431691E77100719AF8 /* Icon-Small.png in Resources */ = {isa = PBXBuildFile; fileRef = 53524B3C1691E77100719AF8 /* Icon-Small.png */; };
		53524B441691E77100719AF8 /* Icon-Small@2x.png in Resources */ = {isa = PBXBuildFile; fileRef = 53524B3D1691E77100719AF8 /* Icon-Small@2x.png */; };
		53524B451691E77100719AF8 /* Icon.png in Resources */ = {isa = PBXBuildFile; fileRef = 53524B3E1691E77100719AF8 /* Icon.png */; };
		53524B461691E77100719AF8 /* Icon@2x.png in Resources */ = {isa = PBXBuildFile; fileRef = 53524B3F1691E77100719AF8 /* Icon@2x.png */; };
		538A797D157E567F0007B8A5 /* UIKit.framework in Frameworks */ = {isa = PBXBuildFile; fileRef = 538A797C157E567F0007B8A5 /* UIKit.framework */; };
		538A797F157E567F0007B8A5 /* Foundation.framework in Frameworks */ = {isa = PBXBuildFile; fileRef = 538A797E157E567F0007B8A5 /* Foundation.framework */; };
		538A7981157E567F0007B8A5 /* CoreGraphics.framework in Frameworks */ = {isa = PBXBuildFile; fileRef = 538A7980157E567F0007B8A5 /* CoreGraphics.framework */; };
		538A7983157E567F0007B8A5 /* CoreData.framework in Frameworks */ = {isa = PBXBuildFile; fileRef = 538A7982157E567F0007B8A5 /* CoreData.framework */; };
		538A7989157E567F0007B8A5 /* InfoPlist.strings in Resources */ = {isa = PBXBuildFile; fileRef = 538A7987157E567F0007B8A5 /* InfoPlist.strings */; };
		538A798B157E567F0007B8A5 /* main.m in Sources */ = {isa = PBXBuildFile; fileRef = 538A798A157E567F0007B8A5 /* main.m */; };
		538A798F157E567F0007B8A5 /* UYLAppDelegate.m in Sources */ = {isa = PBXBuildFile; fileRef = 538A798E157E567F0007B8A5 /* UYLAppDelegate.m */; };
		538A7992157E567F0007B8A5 /* WorldFacts.xcdatamodeld in Sources */ = {isa = PBXBuildFile; fileRef = 538A7990157E567F0007B8A5 /* WorldFacts.xcdatamodeld */; };
		538A79A4157E5A730007B8A5 /* UYLCountryTableViewController.m in Sources */ = {isa = PBXBuildFile; fileRef = 538A79A3157E5A730007B8A5 /* UYLCountryTableViewController.m */; };
		538A79A9157E5ABD0007B8A5 /* Country.storyboard in Resources */ = {isa = PBXBuildFile; fileRef = 538A79A8157E5ABD0007B8A5 /* Country.storyboard */; };
		538A79B2157E80D40007B8A5 /* countries.plist in Resources */ = {isa = PBXBuildFile; fileRef = 538A79B1157E80D40007B8A5 /* countries.plist */; };
		53A87BE7157FA30A000DBAC9 /* Country+Extensions.m in Sources */ = {isa = PBXBuildFile; fileRef = 53A87BE6157FA30A000DBAC9 /* Country+Extensions.m */; };
		53A87BF1157FAD42000DBAC9 /* Country.m in Sources */ = {isa = PBXBuildFile; fileRef = 53A87BF0157FAD42000DBAC9 /* Country.m */; };
		53AE171015FA5BBE00911A7C /* CountryCell.xib in Resources */ = {isa = PBXBuildFile; fileRef = 53A87BFA157FD530000DBAC9 /* CountryCell.xib */; };
/* End PBXBuildFile section */

/* Begin PBXFileReference section */
		532CADEA158D1286002BEDC8 /* README */ = {isa = PBXFileReference; fileEncoding = 4; lastKnownFileType = text; path = README; sourceTree = "<group>"; };
		532CADF0158D1690002BEDC8 /* UYLCountryViewController.xib */ = {isa = PBXFileReference; fileEncoding = 4; lastKnownFileType = file.xib; path = UYLCountryViewController.xib; sourceTree = "<group>"; };
		532CADF3158D19D1002BEDC8 /* UYLCountryViewController.h */ = {isa = PBXFileReference; fileEncoding = 4; lastKnownFileType = sourcecode.c.h; path = UYLCountryViewController.h; sourceTree = "<group>"; };
		532CADF4158D19D1002BEDC8 /* UYLCountryViewController.m */ = {isa = PBXFileReference; fileEncoding = 4; lastKnownFileType = sourcecode.c.objc; path = UYLCountryViewController.m; sourceTree = "<group>"; };
		53524B391691E77100719AF8 /* Default-568h@2x.png */ = {isa = PBXFileReference; lastKnownFileType = image.png; path = "Default-568h@2x.png"; sourceTree = "<group>"; };
		53524B3A1691E77100719AF8 /* Default.png */ = {isa = PBXFileReference; lastKnownFileType = image.png; path = Default.png; sourceTree = "<group>"; };
		53524B3B1691E77100719AF8 /* Default@2x.png */ = {isa = PBXFileReference; lastKnownFileType = image.png; path = "Default@2x.png"; sourceTree = "<group>"; };
		53524B3C1691E77100719AF8 /* Icon-Small.png */ = {isa = PBXFileReference; lastKnownFileType = image.png; path = "Icon-Small.png"; sourceTree = "<group>"; };
		53524B3D1691E77100719AF8 /* Icon-Small@2x.png */ = {isa = PBXFileReference; lastKnownFileType = image.png; path = "Icon-Small@2x.png"; sourceTree = "<group>"; };
		53524B3E1691E77100719AF8 /* Icon.png */ = {isa = PBXFileReference; lastKnownFileType = image.png; path = Icon.png; sourceTree = "<group>"; };
		53524B3F1691E77100719AF8 /* Icon@2x.png */ = {isa = PBXFileReference; lastKnownFileType = image.png; path = "Icon@2x.png"; sourceTree = "<group>"; };
		538A7978157E567F0007B8A5 /* WorldFacts.app */ = {isa = PBXFileReference; explicitFileType = wrapper.application; includeInIndex = 0; path = WorldFacts.app; sourceTree = BUILT_PRODUCTS_DIR; };
		538A797C157E567F0007B8A5 /* UIKit.framework */ = {isa = PBXFileReference; lastKnownFileType = wrapper.framework; name = UIKit.framework; path = System/Library/Frameworks/UIKit.framework; sourceTree = SDKROOT; };
		538A797E157E567F0007B8A5 /* Foundation.framework */ = {isa = PBXFileReference; lastKnownFileType = wrapper.framework; name = Foundation.framework; path = System/Library/Frameworks/Foundation.framework; sourceTree = SDKROOT; };
		538A7980157E567F0007B8A5 /* CoreGraphics.framework */ = {isa = PBXFileReference; lastKnownFileType = wrapper.framework; name = CoreGraphics.framework; path = System/Library/Frameworks/CoreGraphics.framework; sourceTree = SDKROOT; };
		538A7982157E567F0007B8A5 /* CoreData.framework */ = {isa = PBXFileReference; lastKnownFileType = wrapper.framework; name = CoreData.framework; path = System/Library/Frameworks/CoreData.framework; sourceTree = SDKROOT; };
		538A7986157E567F0007B8A5 /* WorldFacts-Info.plist */ = {isa = PBXFileReference; lastKnownFileType = text.plist.xml; path = "WorldFacts-Info.plist"; sourceTree = "<group>"; };
		538A7988157E567F0007B8A5 /* en */ = {isa = PBXFileReference; lastKnownFileType = text.plist.strings; name = en; path = en.lproj/InfoPlist.strings; sourceTree = "<group>"; };
		538A798A157E567F0007B8A5 /* main.m */ = {isa = PBXFileReference; lastKnownFileType = sourcecode.c.objc; path = main.m; sourceTree = "<group>"; };
		538A798D157E567F0007B8A5 /* UYLAppDelegate.h */ = {isa = PBXFileReference; lastKnownFileType = sourcecode.c.h; path = UYLAppDelegate.h; sourceTree = "<group>"; };
		538A798E157E567F0007B8A5 /* UYLAppDelegate.m */ = {isa = PBXFileReference; lastKnownFileType = sourcecode.c.objc; path = UYLAppDelegate.m; sourceTree = "<group>"; };
		538A7991157E567F0007B8A5 /* WorldFacts.xcdatamodel */ = {isa = PBXFileReference; lastKnownFileType = wrapper.xcdatamodel; path = WorldFacts.xcdatamodel; sourceTree = "<group>"; };
		538A79A2157E5A730007B8A5 /* UYLCountryTableViewController.h */ = {isa = PBXFileReference; fileEncoding = 4; lastKnownFileType = sourcecode.c.h; path = UYLCountryTableViewController.h; sourceTree = "<group>"; };
		538A79A3157E5A730007B8A5 /* UYLCountryTableViewController.m */ = {isa = PBXFileReference; fileEncoding = 4; lastKnownFileType = sourcecode.c.objc; path = UYLCountryTableViewController.m; sourceTree = "<group>"; };
		538A79A8157E5ABD0007B8A5 /* Country.storyboard */ = {isa = PBXFileReference; fileEncoding = 4; lastKnownFileType = file.storyboard; path = Country.storyboard; sourceTree = "<group>"; };
		538A79B1157E80D40007B8A5 /* countries.plist */ = {isa = PBXFileReference; lastKnownFileType = text.plist; path = countries.plist; sourceTree = "<group>"; };
		53A87BE5157FA30A000DBAC9 /* Country+Extensions.h */ = {isa = PBXFileReference; fileEncoding = 4; lastKnownFileType = sourcecode.c.h; path = "Country+Extensions.h"; sourceTree = "<group>"; };
		53A87BE6157FA30A000DBAC9 /* Country+Extensions.m */ = {isa = PBXFileReference; fileEncoding = 4; lastKnownFileType = sourcecode.c.objc; path = "Country+Extensions.m"; sourceTree = "<group>"; };
		53A87BEF157FAD42000DBAC9 /* Country.h */ = {isa = PBXFileReference; fileEncoding = 4; lastKnownFileType = sourcecode.c.h; path = Country.h; sourceTree = "<group>"; };
		53A87BF0157FAD42000DBAC9 /* Country.m */ = {isa = PBXFileReference; fileEncoding = 4; lastKnownFileType = sourcecode.c.objc; path = Country.m; sourceTree = "<group>"; };
		53A87BF8157FC55A000DBAC9 /* UYLCountryTableViewController.xib */ = {isa = PBXFileReference; fileEncoding = 4; lastKnownFileType = file.xib; path = UYLCountryTableViewController.xib; sourceTree = "<group>"; };
		53A87BFA157FD530000DBAC9 /* CountryCell.xib */ = {isa = PBXFileReference; fileEncoding = 4; lastKnownFileType = file.xib; path = CountryCell.xib; sourceTree = "<group>"; };
/* End PBXFileReference section */

/* Begin PBXFrameworksBuildPhase section */
		538A7975157E567F0007B8A5 /* Frameworks */ = {
			isa = PBXFrameworksBuildPhase;
			buildActionMask = 2147483647;
			files = (
				538A797D157E567F0007B8A5 /* UIKit.framework in Frameworks */,
				538A797F157E567F0007B8A5 /* Foundation.framework in Frameworks */,
				538A7981157E567F0007B8A5 /* CoreGraphics.framework in Frameworks */,
				538A7983157E567F0007B8A5 /* CoreData.framework in Frameworks */,
			);
			runOnlyForDeploymentPostprocessing = 0;
		};
/* End PBXFrameworksBuildPhase section */

/* Begin PBXGroup section */
		53524B241691D45C00719AF8 /* Resources */ = {
			isa = PBXGroup;
			children = (
				53524B391691E77100719AF8 /* Default-568h@2x.png */,
				53524B3A1691E77100719AF8 /* Default.png */,
				53524B3B1691E77100719AF8 /* Default@2x.png */,
				53524B3C1691E77100719AF8 /* Icon-Small.png */,
				53524B3D1691E77100719AF8 /* Icon-Small@2x.png */,
				53524B3E1691E77100719AF8 /* Icon.png */,
				53524B3F1691E77100719AF8 /* Icon@2x.png */,
			);
			name = Resources;
			path = ..;
			sourceTree = "<group>";
		};
		538A796D157E567E0007B8A5 = {
			isa = PBXGroup;
			children = (
				532CADEA158D1286002BEDC8 /* README */,
				538A7984157E567F0007B8A5 /* WorldFacts */,
				538A797B157E567F0007B8A5 /* Frameworks */,
				538A7979157E567F0007B8A5 /* Products */,
			);
			sourceTree = "<group>";
		};
		538A7979157E567F0007B8A5 /* Products */ = {
			isa = PBXGroup;
			children = (
				538A7978157E567F0007B8A5 /* WorldFacts.app */,
			);
			name = Products;
			sourceTree = "<group>";
		};
		538A797B157E567F0007B8A5 /* Frameworks */ = {
			isa = PBXGroup;
			children = (
				538A797C157E567F0007B8A5 /* UIKit.framework */,
				538A797E157E567F0007B8A5 /* Foundation.framework */,
				538A7980157E567F0007B8A5 /* CoreGraphics.framework */,
				538A7982157E567F0007B8A5 /* CoreData.framework */,
			);
			name = Frameworks;
			sourceTree = "<group>";
		};
		538A7984157E567F0007B8A5 /* WorldFacts */ = {
			isa = PBXGroup;
			children = (
				538A798D157E567F0007B8A5 /* UYLAppDelegate.h */,
				538A798E157E567F0007B8A5 /* UYLAppDelegate.m */,
				538A7999157E56B60007B8A5 /* Model */,
				538A799A157E56BF0007B8A5 /* Views */,
				538A7998157E56A30007B8A5 /* Controllers */,
				538A7985157E567F0007B8A5 /* Supporting Files */,
				53524B241691D45C00719AF8 /* Resources */,
			);
			path = WorldFacts;
			sourceTree = "<group>";
		};
		538A7985157E567F0007B8A5 /* Supporting Files */ = {
			isa = PBXGroup;
			children = (
				538A79B1157E80D40007B8A5 /* countries.plist */,
				538A7986157E567F0007B8A5 /* WorldFacts-Info.plist */,
				538A7987157E567F0007B8A5 /* InfoPlist.strings */,
				538A798A157E567F0007B8A5 /* main.m */,
			);
			name = "Supporting Files";
			sourceTree = "<group>";
		};
		538A7998157E56A30007B8A5 /* Controllers */ = {
			isa = PBXGroup;
			children = (
				538A79A2157E5A730007B8A5 /* UYLCountryTableViewController.h */,
				538A79A3157E5A730007B8A5 /* UYLCountryTableViewController.m */,
				532CADF3158D19D1002BEDC8 /* UYLCountryViewController.h */,
				532CADF4158D19D1002BEDC8 /* UYLCountryViewController.m */,
			);
			name = Controllers;
			sourceTree = "<group>";
		};
		538A7999157E56B60007B8A5 /* Model */ = {
			isa = PBXGroup;
			children = (
				53A87BEF157FAD42000DBAC9 /* Country.h */,
				53A87BF0157FAD42000DBAC9 /* Country.m */,
				538A7990157E567F0007B8A5 /* WorldFacts.xcdatamodeld */,
				53A87BE5157FA30A000DBAC9 /* Country+Extensions.h */,
				53A87BE6157FA30A000DBAC9 /* Country+Extensions.m */,
			);
			name = Model;
			sourceTree = "<group>";
		};
		538A799A157E56BF0007B8A5 /* Views */ = {
			isa = PBXGroup;
			children = (
				538A79A8157E5ABD0007B8A5 /* Country.storyboard */,
				53A87BF8157FC55A000DBAC9 /* UYLCountryTableViewController.xib */,
				53A87BFA157FD530000DBAC9 /* CountryCell.xib */,
				532CADF0158D1690002BEDC8 /* UYLCountryViewController.xib */,
			);
			name = Views;
			sourceTree = "<group>";
		};
/* End PBXGroup section */

/* Begin PBXNativeTarget section */
		538A7977157E567F0007B8A5 /* WorldFacts */ = {
			isa = PBXNativeTarget;
			buildConfigurationList = 538A7995157E567F0007B8A5 /* Build configuration list for PBXNativeTarget "WorldFacts" */;
			buildPhases = (
				538A7974157E567F0007B8A5 /* Sources */,
				538A7975157E567F0007B8A5 /* Frameworks */,
				538A7976157E567F0007B8A5 /* Resources */,
			);
			buildRules = (
			);
			dependencies = (
			);
			name = WorldFacts;
			productName = WorldFacts;
			productReference = 538A7978157E567F0007B8A5 /* WorldFacts.app */;
			productType = "com.apple.product-type.application";
		};
/* End PBXNativeTarget section */

/* Begin PBXProject section */
		538A796F157E567E0007B8A5 /* Project object */ = {
			isa = PBXProject;
			attributes = {
				CLASSPREFIX = UYL;
				LastUpgradeCheck = 0610;
			};
			buildConfigurationList = 538A7972157E567E0007B8A5 /* Build configuration list for PBXProject "WorldFacts" */;
			compatibilityVersion = "Xcode 3.2";
			developmentRegion = English;
			hasScannedForEncodings = 0;
			knownRegions = (
				en,
			);
			mainGroup = 538A796D157E567E0007B8A5;
			productRefGroup = 538A7979157E567F0007B8A5 /* Products */;
			projectDirPath = "";
			projectRoot = "";
			targets = (
				538A7977157E567F0007B8A5 /* WorldFacts */,
			);
		};
/* End PBXProject section */

/* Begin PBXResourcesBuildPhase section */
		538A7976157E567F0007B8A5 /* Resources */ = {
			isa = PBXResourcesBuildPhase;
			buildActionMask = 2147483647;
			files = (
				538A7989157E567F0007B8A5 /* InfoPlist.strings in Resources */,
				538A79A9157E5ABD0007B8A5 /* Country.storyboard in Resources */,
				538A79B2157E80D40007B8A5 /* countries.plist in Resources */,
				532CADEB158D1286002BEDC8 /* README in Resources */,
				53AE171015FA5BBE00911A7C /* CountryCell.xib in Resources */,
				53524B401691E77100719AF8 /* Default-568h@2x.png in Resources */,
				53524B411691E77100719AF8 /* Default.png in Resources */,
				53524B421691E77100719AF8 /* Default@2x.png in Resources */,
				53524B431691E77100719AF8 /* Icon-Small.png in Resources */,
				53524B441691E77100719AF8 /* Icon-Small@2x.png in Resources */,
				53524B451691E77100719AF8 /* Icon.png in Resources */,
				53524B461691E77100719AF8 /* Icon@2x.png in Resources */,
			);
			runOnlyForDeploymentPostprocessing = 0;
		};
/* End PBXResourcesBuildPhase section */

/* Begin PBXSourcesBuildPhase section */
		538A7974157E567F0007B8A5 /* Sources */ = {
			isa = PBXSourcesBuildPhase;
			buildActionMask = 2147483647;
			files = (
				538A798B157E567F0007B8A5 /* main.m in Sources */,
				538A798F157E567F0007B8A5 /* UYLAppDelegate.m in Sources */,
				538A7992157E567F0007B8A5 /* WorldFacts.xcdatamodeld in Sources */,
				538A79A4157E5A730007B8A5 /* UYLCountryTableViewController.m in Sources */,
				53A87BE7157FA30A000DBAC9 /* Country+Extensions.m in Sources */,
				53A87BF1157FAD42000DBAC9 /* Country.m in Sources */,
				532CADF5158D19D1002BEDC8 /* UYLCountryViewController.m in Sources */,
			);
			runOnlyForDeploymentPostprocessing = 0;
		};
/* End PBXSourcesBuildPhase section */

/* Begin PBXVariantGroup section */
		538A7987157E567F0007B8A5 /* InfoPlist.strings */ = {
			isa = PBXVariantGroup;
			children = (
				538A7988157E567F0007B8A5 /* en */,
			);
			name = InfoPlist.strings;
			sourceTree = "<group>";
		};
/* End PBXVariantGroup section */

/* Begin XCBuildConfiguration section */
		538A7993157E567F0007B8A5 /* Debug */ = {
			isa = XCBuildConfiguration;
			buildSettings = {
				ALWAYS_SEARCH_USER_PATHS = NO;
				CLANG_ENABLE_MODULES = YES;
				CLANG_ENABLE_OBJC_ARC = YES;
				CLANG_WARN_BOOL_CONVERSION = YES;
				CLANG_WARN_CONSTANT_CONVERSION = YES;
				CLANG_WARN_DIRECT_OBJC_ISA_USAGE = YES_ERROR;
				CLANG_WARN_EMPTY_BODY = YES;
				CLANG_WARN_ENUM_CONVERSION = YES;
				CLANG_WARN_INT_CONVERSION = YES;
				CLANG_WARN_OBJC_ROOT_CLASS = YES_ERROR;
				CLANG_WARN_UNREACHABLE_CODE = YES;
				CLANG_WARN__DUPLICATE_METHOD_MATCH = YES;
				CODE_SIGN_IDENTITY = "iPhone Developer";
				"CODE_SIGN_IDENTITY[sdk=iphoneos*]" = "iPhone Developer";
				COPY_PHASE_STRIP = NO;
				ENABLE_STRICT_OBJC_MSGSEND = YES;
				GCC_C_LANGUAGE_STANDARD = gnu99;
				GCC_DYNAMIC_NO_PIC = NO;
				GCC_OPTIMIZATION_LEVEL = 0;
				GCC_PREPROCESSOR_DEFINITIONS = (
					"DEBUG=1",
					"$(inherited)",
				);
				GCC_SYMBOLS_PRIVATE_EXTERN = NO;
				GCC_VERSION = com.apple.compilers.llvm.clang.1_0;
				GCC_WARN_64_TO_32_BIT_CONVERSION = YES;
				GCC_WARN_ABOUT_RETURN_TYPE = YES;
				GCC_WARN_UNDECLARED_SELECTOR = YES;
				GCC_WARN_UNINITIALIZED_AUTOS = YES;
				GCC_WARN_UNUSED_FUNCTION = YES;
				GCC_WARN_UNUSED_VARIABLE = YES;
				IPHONEOS_DEPLOYMENT_TARGET = 8.0;
				ONLY_ACTIVE_ARCH = YES;
				PROVISIONING_PROFILE = "";
				"PROVISIONING_PROFILE[sdk=iphoneos*]" = "";
				SDKROOT = iphoneos;
			};
			name = Debug;
		};
		538A7994157E567F0007B8A5 /* Release */ = {
			isa = XCBuildConfiguration;
			buildSettings = {
				ALWAYS_SEARCH_USER_PATHS = NO;
				CLANG_ENABLE_MODULES = YES;
				CLANG_ENABLE_OBJC_ARC = YES;
				CLANG_WARN_BOOL_CONVERSION = YES;
				CLANG_WARN_CONSTANT_CONVERSION = YES;
				CLANG_WARN_DIRECT_OBJC_ISA_USAGE = YES_ERROR;
				CLANG_WARN_EMPTY_BODY = YES;
				CLANG_WARN_ENUM_CONVERSION = YES;
				CLANG_WARN_INT_CONVERSION = YES;
				CLANG_WARN_OBJC_ROOT_CLASS = YES_ERROR;
				CLANG_WARN_UNREACHABLE_CODE = YES;
				CLANG_WARN__DUPLICATE_METHOD_MATCH = YES;
				CODE_SIGN_IDENTITY = "iPhone Developer";
				"CODE_SIGN_IDENTITY[sdk=iphoneos*]" = "iPhone Developer";
				COPY_PHASE_STRIP = YES;
				ENABLE_STRICT_OBJC_MSGSEND = YES;
				GCC_C_LANGUAGE_STANDARD = gnu99;
				GCC_VERSION = com.apple.compilers.llvm.clang.1_0;
				GCC_WARN_64_TO_32_BIT_CONVERSION = YES;
				GCC_WARN_ABOUT_RETURN_TYPE = YES;
				GCC_WARN_UNDECLARED_SELECTOR = YES;
				GCC_WARN_UNINITIALIZED_AUTOS = YES;
				GCC_WARN_UNUSED_FUNCTION = YES;
				GCC_WARN_UNUSED_VARIABLE = YES;
				IPHONEOS_DEPLOYMENT_TARGET = 8.0;
				OTHER_CFLAGS = "-DNS_BLOCK_ASSERTIONS=1";
				PROVISIONING_PROFILE = "";
				"PROVISIONING_PROFILE[sdk=iphoneos*]" = "";
				SDKROOT = iphoneos;
				VALIDATE_PRODUCT = YES;
			};
			name = Release;
		};
		538A7996157E567F0007B8A5 /* Debug */ = {
			isa = XCBuildConfiguration;
			buildSettings = {
				GCC_PRECOMPILE_PREFIX_HEADER = YES;
				GCC_PREFIX_HEADER = "WorldFacts/WorldFacts-Prefix.pch";
				INFOPLIST_FILE = "WorldFacts/WorldFacts-Info.plist";
				PRODUCT_NAME = "$(TARGET_NAME)";
				WRAPPER_EXTENSION = app;
			};
			name = Debug;
		};
		538A7997157E567F0007B8A5 /* Release */ = {
			isa = XCBuildConfiguration;
			buildSettings = {
				GCC_PRECOMPILE_PREFIX_HEADER = YES;
				GCC_PREFIX_HEADER = "WorldFacts/WorldFacts-Prefix.pch";
				INFOPLIST_FILE = "WorldFacts/WorldFacts-Info.plist";
				PRODUCT_NAME = "$(TARGET_NAME)";
				WRAPPER_EXTENSION = app;
			};
			name = Release;
		};
/* End XCBuildConfiguration section */

/* Begin XCConfigurationList section */
		538A7972157E567E0007B8A5 /* Build configuration list for PBXProject "WorldFacts" */ = {
			isa = XCConfigurationList;
			buildConfigurations = (
				538A7993157E567F0007B8A5 /* Debug */,
				538A7994157E567F0007B8A5 /* Release */,
			);
			defaultConfigurationIsVisible = 0;
			defaultConfigurationName = Release;
		};
		538A7995157E567F0007B8A5 /* Build configuration list for PBXNativeTarget "WorldFacts" */ = {
			isa = XCConfigurationList;
			buildConfigurations = (
				538A7996157E567F0007B8A5 /* Debug */,
				538A7997157E567F0007B8A5 /* Release */,
			);
			defaultConfigurationIsVisible = 0;
			defaultConfigurationName = Release;
		};
/* End XCConfigurationList section */

/* Begin XCVersionGroup section */
		538A7990157E567F0007B8A5 /* WorldFacts.xcdatamodeld */ = {
			isa = XCVersionGroup;
			children = (
				538A7991157E567F0007B8A5 /* WorldFacts.xcdatamodel */,
			);
			currentVersion = 538A7991157E567F0007B8A5 /* WorldFacts.xcdatamodel */;
			path = WorldFacts.xcdatamodeld;
			sourceTree = "<group>";
			versionGroupType = wrapper.xcdatamodel;
		};
/* End XCVersionGroup section */
	};
	rootObject = 538A796F157E567E0007B8A5 /* Project object */;
}
