// !$*UTF8*$!
{
	archiveVersion = 1;
	classes = {
	};
	objectVersion = 46;
	objects = {

/* Begin PBXBuildFile section */
		532DD95A1530C8EC00ED5845 /* UYLCounterView.m in Sources */ = {isa = PBXBuildFile; fileRef = 532DD9591530C8EC00ED5845 /* UYLCounterView.m */; };
		532DD9601530C90300ED5845 /* UYLTaskListViewController.m in Sources */ = {isa = PBXBuildFile; fileRef = 532DD95D1530C90300ED5845 /* UYLTaskListViewController.m */; };
		532DD9611530C90300ED5845 /* UYLTaskViewController.m in Sources */ = {isa = PBXBuildFile; fileRef = 532DD95F1530C90300ED5845 /* UYLTaskViewController.m */; };
		532DD96C1530C9AD00ED5845 /* UYLAppDelegate.m in Sources */ = {isa = PBXBuildFile; fileRef = 532DD96B1530C9AD00ED5845 /* UYLAppDelegate.m */; };
		532DD9751530CA6400ED5845 /* UYLTaskListViewController_iPad.xib in Resources */ = {isa = PBXBuildFile; fileRef = 532DD96D1530CA6400ED5845 /* UYLTaskListViewController_iPad.xib */; };
		532DD9761530CA6400ED5845 /* UYLTaskListViewController_iPhone.xib in Resources */ = {isa = PBXBuildFile; fileRef = 532DD96F1530CA6400ED5845 /* UYLTaskListViewController_iPhone.xib */; };
		532DD9771530CA6400ED5845 /* UYLTaskViewController_iPad.xib in Resources */ = {isa = PBXBuildFile; fileRef = 532DD9711530CA6400ED5845 /* UYLTaskViewController_iPad.xib */; };
		532DD9781530CA6400ED5845 /* UYLTaskViewController_iPhone.xib in Resources */ = {isa = PBXBuildFile; fileRef = 532DD9731530CA6400ED5845 /* UYLTaskViewController_iPhone.xib */; };
		534644A5155F083D00B20849 /* redbutton.png in Resources */ = {isa = PBXBuildFile; fileRef = 534644A4155F083D00B20849 /* redbutton.png */; };
		536270F6152E0A55009732E1 /* UIKit.framework in Frameworks */ = {isa = PBXBuildFile; fileRef = 536270F5152E0A55009732E1 /* UIKit.framework */; };
		536270F8152E0A55009732E1 /* Foundation.framework in Frameworks */ = {isa = PBXBuildFile; fileRef = 536270F7152E0A55009732E1 /* Foundation.framework */; };
		536270FA152E0A55009732E1 /* CoreGraphics.framework in Frameworks */ = {isa = PBXBuildFile; fileRef = 536270F9152E0A55009732E1 /* CoreGraphics.framework */; };
		536270FC152E0A55009732E1 /* CoreData.framework in Frameworks */ = {isa = PBXBuildFile; fileRef = 536270FB152E0A55009732E1 /* CoreData.framework */; };
		53627102152E0A55009732E1 /* InfoPlist.strings in Resources */ = {isa = PBXBuildFile; fileRef = 53627100152E0A55009732E1 /* InfoPlist.strings */; };
		53627104152E0A55009732E1 /* main.m in Sources */ = {isa = PBXBuildFile; fileRef = 53627103152E0A55009732E1 /* main.m */; };
		53627127152E0B87009732E1 /* Task.m in Sources */ = {isa = PBXBuildFile; fileRef = 53627125152E0B87009732E1 /* Task.m */; };
		5362712B152E0BF1009732E1 /* TaskTimer.xcdatamodeld in Sources */ = {isa = PBXBuildFile; fileRef = 53627129152E0BF1009732E1 /* TaskTimer.xcdatamodeld */; };
		539F94F1153AE6F0009CF03D /* NSNumber+UYLTimeFormatter.m in Sources */ = {isa = PBXBuildFile; fileRef = 539F94F0153AE6F0009CF03D /* NSNumber+UYLTimeFormatter.m */; };
		53BD55AA1533880300BCFB33 /* checked.png in Resources */ = {isa = PBXBuildFile; fileRef = 53BD55A21533880300BCFB33 /* checked.png */; };
		53BD55AB1533880300BCFB33 /* checked@2x.png in Resources */ = {isa = PBXBuildFile; fileRef = 53BD55A31533880300BCFB33 /* checked@2x.png */; };
		53BD55AC1533880300BCFB33 /* start.png in Resources */ = {isa = PBXBuildFile; fileRef = 53BD55A41533880300BCFB33 /* start.png */; };
		53BD55AD1533880300BCFB33 /* start@2x.png in Resources */ = {isa = PBXBuildFile; fileRef = 53BD55A51533880300BCFB33 /* start@2x.png */; };
		53BD55AE1533880300BCFB33 /* stop.png in Resources */ = {isa = PBXBuildFile; fileRef = 53BD55A61533880300BCFB33 /* stop.png */; };
		53BD55AF1533880300BCFB33 /* stop@2x.png in Resources */ = {isa = PBXBuildFile; fileRef = 53BD55A71533880300BCFB33 /* stop@2x.png */; };
		53BD55B01533880300BCFB33 /* unchecked.png in Resources */ = {isa = PBXBuildFile; fileRef = 53BD55A81533880300BCFB33 /* unchecked.png */; };
		53BD55B11533880300BCFB33 /* unchecked@2x.png in Resources */ = {isa = PBXBuildFile; fileRef = 53BD55A91533880300BCFB33 /* unchecked@2x.png */; };
/* End PBXBuildFile section */

/* Begin PBXFileReference section */
		532DD9581530C8EC00ED5845 /* UYLCounterView.h */ = {isa = PBXFileReference; fileEncoding = 4; lastKnownFileType = sourcecode.c.h; path = UYLCounterView.h; sourceTree = "<group>"; };
		532DD9591530C8EC00ED5845 /* UYLCounterView.m */ = {isa = PBXFileReference; fileEncoding = 4; lastKnownFileType = sourcecode.c.objc; path = UYLCounterView.m; sourceTree = "<group>"; };
		532DD95C1530C90300ED5845 /* UYLTaskListViewController.h */ = {isa = PBXFileReference; fileEncoding = 4; lastKnownFileType = sourcecode.c.h; path = UYLTaskListViewController.h; sourceTree = "<group>"; };
		532DD95D1530C90300ED5845 /* UYLTaskListViewController.m */ = {isa = PBXFileReference; fileEncoding = 4; lastKnownFileType = sourcecode.c.objc; path = UYLTaskListViewController.m; sourceTree = "<group>"; };
		532DD95E1530C90300ED5845 /* UYLTaskViewController.h */ = {isa = PBXFileReference; fileEncoding = 4; lastKnownFileType = sourcecode.c.h; path = UYLTaskViewController.h; sourceTree = "<group>"; };
		532DD95F1530C90300ED5845 /* UYLTaskViewController.m */ = {isa = PBXFileReference; fileEncoding = 4; lastKnownFileType = sourcecode.c.objc; path = UYLTaskViewController.m; sourceTree = "<group>"; };
		532DD96A1530C9AD00ED5845 /* UYLAppDelegate.h */ = {isa = PBXFileReference; fileEncoding = 4; lastKnownFileType = sourcecode.c.h; path = UYLAppDelegate.h; sourceTree = "<group>"; };
		532DD96B1530C9AD00ED5845 /* UYLAppDelegate.m */ = {isa = PBXFileReference; fileEncoding = 4; lastKnownFileType = sourcecode.c.objc; path = UYLAppDelegate.m; sourceTree = "<group>"; };
		532DD96E1530CA6400ED5845 /* en */ = {isa = PBXFileReference; lastKnownFileType = file.xib; name = en; path = en.lproj/UYLTaskListViewController_iPad.xib; sourceTree = "<group>"; };
		532DD9701530CA6400ED5845 /* en */ = {isa = PBXFileReference; lastKnownFileType = file.xib; name = en; path = en.lproj/UYLTaskListViewController_iPhone.xib; sourceTree = "<group>"; };
		532DD9721530CA6400ED5845 /* en */ = {isa = PBXFileReference; lastKnownFileType = file.xib; name = en; path = en.lproj/UYLTaskViewController_iPad.xib; sourceTree = "<group>"; };
		532DD9741530CA6400ED5845 /* en */ = {isa = PBXFileReference; lastKnownFileType = file.xib; name = en; path = en.lproj/UYLTaskViewController_iPhone.xib; sourceTree = "<group>"; };
		534644A4155F083D00B20849 /* redbutton.png */ = {isa = PBXFileReference; lastKnownFileType = image.png; path = redbutton.png; sourceTree = "<group>"; };
		536270F1152E0A55009732E1 /* TaskTimer.app */ = {isa = PBXFileReference; explicitFileType = wrapper.application; includeInIndex = 0; path = TaskTimer.app; sourceTree = BUILT_PRODUCTS_DIR; };
		536270F5152E0A55009732E1 /* UIKit.framework */ = {isa = PBXFileReference; lastKnownFileType = wrapper.framework; name = UIKit.framework; path = System/Library/Frameworks/UIKit.framework; sourceTree = SDKROOT; };
		536270F7152E0A55009732E1 /* Foundation.framework */ = {isa = PBXFileReference; lastKnownFileType = wrapper.framework; name = Foundation.framework; path = System/Library/Frameworks/Foundation.framework; sourceTree = SDKROOT; };
		536270F9152E0A55009732E1 /* CoreGraphics.framework */ = {isa = PBXFileReference; lastKnownFileType = wrapper.framework; name = CoreGraphics.framework; path = System/Library/Frameworks/CoreGraphics.framework; sourceTree = SDKROOT; };
		536270FB152E0A55009732E1 /* CoreData.framework */ = {isa = PBXFileReference; lastKnownFileType = wrapper.framework; name = CoreData.framework; path = System/Library/Frameworks/CoreData.framework; sourceTree = SDKROOT; };
		536270FF152E0A55009732E1 /* TaskTimer-Info.plist */ = {isa = PBXFileReference; lastKnownFileType = text.plist.xml; path = "TaskTimer-Info.plist"; sourceTree = "<group>"; };
		53627101152E0A55009732E1 /* en */ = {isa = PBXFileReference; lastKnownFileType = text.plist.strings; name = en; path = en.lproj/InfoPlist.strings; sourceTree = "<group>"; };
		53627103152E0A55009732E1 /* main.m */ = {isa = PBXFileReference; lastKnownFileType = sourcecode.c.objc; path = main.m; sourceTree = "<group>"; };
		53627105152E0A55009732E1 /* TaskTimer-Prefix.pch */ = {isa = PBXFileReference; lastKnownFileType = sourcecode.c.h; path = "TaskTimer-Prefix.pch"; sourceTree = "<group>"; };
		53627124152E0B87009732E1 /* Task.h */ = {isa = PBXFileReference; fileEncoding = 4; lastKnownFileType = sourcecode.c.h; path = Task.h; sourceTree = "<group>"; };
		53627125152E0B87009732E1 /* Task.m */ = {isa = PBXFileReference; fileEncoding = 4; lastKnownFileType = sourcecode.c.objc; path = Task.m; sourceTree = "<group>"; };
		5362712A152E0BF1009732E1 /* Accessibile.xcdatamodel */ = {isa = PBXFileReference; lastKnownFileType = wrapper.xcdatamodel; path = Accessibile.xcdatamodel; sourceTree = "<group>"; };
		539F94EF153AE6F0009CF03D /* NSNumber+UYLTimeFormatter.h */ = {isa = PBXFileReference; fileEncoding = 4; lastKnownFileType = sourcecode.c.h; path = "NSNumber+UYLTimeFormatter.h"; sourceTree = "<group>"; };
		539F94F0153AE6F0009CF03D /* NSNumber+UYLTimeFormatter.m */ = {isa = PBXFileReference; fileEncoding = 4; lastKnownFileType = sourcecode.c.objc; path = "NSNumber+UYLTimeFormatter.m"; sourceTree = "<group>"; };
		53BD55A21533880300BCFB33 /* checked.png */ = {isa = PBXFileReference; lastKnownFileType = image.png; path = checked.png; sourceTree = "<group>"; };
		53BD55A31533880300BCFB33 /* checked@2x.png */ = {isa = PBXFileReference; lastKnownFileType = image.png; path = "checked@2x.png"; sourceTree = "<group>"; };
		53BD55A41533880300BCFB33 /* start.png */ = {isa = PBXFileReference; lastKnownFileType = image.png; path = start.png; sourceTree = "<group>"; };
		53BD55A51533880300BCFB33 /* start@2x.png */ = {isa = PBXFileReference; lastKnownFileType = image.png; path = "start@2x.png"; sourceTree = "<group>"; };
		53BD55A61533880300BCFB33 /* stop.png */ = {isa = PBXFileReference; lastKnownFileType = image.png; path = stop.png; sourceTree = "<group>"; };
		53BD55A71533880300BCFB33 /* stop@2x.png */ = {isa = PBXFileReference; lastKnownFileType = image.png; path = "stop@2x.png"; sourceTree = "<group>"; };
		53BD55A81533880300BCFB33 /* unchecked.png */ = {isa = PBXFileReference; lastKnownFileType = image.png; path = unchecked.png; sourceTree = "<group>"; };
		53BD55A91533880300BCFB33 /* unchecked@2x.png */ = {isa = PBXFileReference; lastKnownFileType = image.png; path = "unchecked@2x.png"; sourceTree = "<group>"; };
		53DA48A1152FA0D700A616D8 /* README */ = {isa = PBXFileReference; lastKnownFileType = text; path = README; sourceTree = "<group>"; };
/* End PBXFileReference section */

/* Begin PBXFrameworksBuildPhase section */
		536270EE152E0A55009732E1 /* Frameworks */ = {
			isa = PBXFrameworksBuildPhase;
			buildActionMask = 2147483647;
			files = (
				536270F6152E0A55009732E1 /* UIKit.framework in Frameworks */,
				536270F8152E0A55009732E1 /* Foundation.framework in Frameworks */,
				536270FA152E0A55009732E1 /* CoreGraphics.framework in Frameworks */,
				536270FC152E0A55009732E1 /* CoreData.framework in Frameworks */,
			);
			runOnlyForDeploymentPostprocessing = 0;
		};
/* End PBXFrameworksBuildPhase section */

/* Begin PBXGroup section */
		536270E6152E0A55009732E1 = {
			isa = PBXGroup;
			children = (
				53DA48A1152FA0D700A616D8 /* README */,
				536270FD152E0A55009732E1 /* TaskTimer */,
				536270F4152E0A55009732E1 /* Frameworks */,
				536270F2152E0A55009732E1 /* Products */,
			);
			sourceTree = "<group>";
		};
		536270F2152E0A55009732E1 /* Products */ = {
			isa = PBXGroup;
			children = (
				536270F1152E0A55009732E1 /* TaskTimer.app */,
			);
			name = Products;
			sourceTree = "<group>";
		};
		536270F4152E0A55009732E1 /* Frameworks */ = {
			isa = PBXGroup;
			children = (
				536270F5152E0A55009732E1 /* UIKit.framework */,
				536270F7152E0A55009732E1 /* Foundation.framework */,
				536270F9152E0A55009732E1 /* CoreGraphics.framework */,
				536270FB152E0A55009732E1 /* CoreData.framework */,
			);
			name = Frameworks;
			sourceTree = "<group>";
		};
		536270FD152E0A55009732E1 /* TaskTimer */ = {
			isa = PBXGroup;
			children = (
				532DD96A1530C9AD00ED5845 /* UYLAppDelegate.h */,
				532DD96B1530C9AD00ED5845 /* UYLAppDelegate.m */,
				53A72C4A153DEE61000AAB9C /* Categories */,
				53627123152E0B65009732E1 /* Model */,
				5362712C152E0BFF009732E1 /* View */,
				5362712D152E0C07009732E1 /* Controller */,
				53627146152E0C72009732E1 /* Images */,
				536270FE152E0A55009732E1 /* Supporting Files */,
			);
			path = TaskTimer;
			sourceTree = "<group>";
		};
		536270FE152E0A55009732E1 /* Supporting Files */ = {
			isa = PBXGroup;
			children = (
				536270FF152E0A55009732E1 /* TaskTimer-Info.plist */,
				53627100152E0A55009732E1 /* InfoPlist.strings */,
				53627103152E0A55009732E1 /* main.m */,
				53627105152E0A55009732E1 /* TaskTimer-Prefix.pch */,
			);
			name = "Supporting Files";
			sourceTree = "<group>";
		};
		53627123152E0B65009732E1 /* Model */ = {
			isa = PBXGroup;
			children = (
				53627129152E0BF1009732E1 /* TaskTimer.xcdatamodeld */,
				53627124152E0B87009732E1 /* Task.h */,
				53627125152E0B87009732E1 /* Task.m */,
			);
			name = Model;
			sourceTree = "<group>";
		};
		5362712C152E0BFF009732E1 /* View */ = {
			isa = PBXGroup;
			children = (
				532DD96D1530CA6400ED5845 /* UYLTaskListViewController_iPad.xib */,
				532DD96F1530CA6400ED5845 /* UYLTaskListViewController_iPhone.xib */,
				532DD9711530CA6400ED5845 /* UYLTaskViewController_iPad.xib */,
				532DD9731530CA6400ED5845 /* UYLTaskViewController_iPhone.xib */,
				532DD9581530C8EC00ED5845 /* UYLCounterView.h */,
				532DD9591530C8EC00ED5845 /* UYLCounterView.m */,
			);
			name = View;
			sourceTree = "<group>";
		};
		5362712D152E0C07009732E1 /* Controller */ = {
			isa = PBXGroup;
			children = (
				532DD95C1530C90300ED5845 /* UYLTaskListViewController.h */,
				532DD95D1530C90300ED5845 /* UYLTaskListViewController.m */,
				532DD95E1530C90300ED5845 /* UYLTaskViewController.h */,
				532DD95F1530C90300ED5845 /* UYLTaskViewController.m */,
			);
			name = Controller;
			sourceTree = "<group>";
		};
		53627146152E0C72009732E1 /* Images */ = {
			isa = PBXGroup;
			children = (
				534644A4155F083D00B20849 /* redbutton.png */,
				53BD55A21533880300BCFB33 /* checked.png */,
				53BD55A31533880300BCFB33 /* checked@2x.png */,
				53BD55A41533880300BCFB33 /* start.png */,
				53BD55A51533880300BCFB33 /* start@2x.png */,
				53BD55A61533880300BCFB33 /* stop.png */,
				53BD55A71533880300BCFB33 /* stop@2x.png */,
				53BD55A81533880300BCFB33 /* unchecked.png */,
				53BD55A91533880300BCFB33 /* unchecked@2x.png */,
			);
			name = Images;
			sourceTree = "<group>";
		};
		53A72C4A153DEE61000AAB9C /* Categories */ = {
			isa = PBXGroup;
			children = (
				539F94EF153AE6F0009CF03D /* NSNumber+UYLTimeFormatter.h */,
				539F94F0153AE6F0009CF03D /* NSNumber+UYLTimeFormatter.m */,
			);
			name = Categories;
			sourceTree = "<group>";
		};
/* End PBXGroup section */

/* Begin PBXNativeTarget section */
		536270F0152E0A55009732E1 /* TaskTimer */ = {
			isa = PBXNativeTarget;
			buildConfigurationList = 53627120152E0A55009732E1 /* Build configuration list for PBXNativeTarget "TaskTimer" */;
			buildPhases = (
				536270ED152E0A55009732E1 /* Sources */,
				536270EE152E0A55009732E1 /* Frameworks */,
				536270EF152E0A55009732E1 /* Resources */,
			);
			buildRules = (
			);
			dependencies = (
			);
			name = TaskTimer;
			productName = TaskTimer;
			productReference = 536270F1152E0A55009732E1 /* TaskTimer.app */;
			productType = "com.apple.product-type.application";
		};
/* End PBXNativeTarget section */

/* Begin PBXProject section */
		536270E8152E0A55009732E1 /* Project object */ = {
			isa = PBXProject;
			attributes = {
				CLASSPREFIX = UYL;
				LastUpgradeCheck = 0430;
			};
			buildConfigurationList = 536270EB152E0A55009732E1 /* Build configuration list for PBXProject "TaskTimer" */;
			compatibilityVersion = "Xcode 3.2";
			developmentRegion = English;
			hasScannedForEncodings = 0;
			knownRegions = (
				en,
			);
			mainGroup = 536270E6152E0A55009732E1;
			productRefGroup = 536270F2152E0A55009732E1 /* Products */;
			projectDirPath = "";
			projectRoot = "";
			targets = (
				536270F0152E0A55009732E1 /* TaskTimer */,
			);
		};
/* End PBXProject section */

/* Begin PBXResourcesBuildPhase section */
		536270EF152E0A55009732E1 /* Resources */ = {
			isa = PBXResourcesBuildPhase;
			buildActionMask = 2147483647;
			files = (
				53627102152E0A55009732E1 /* InfoPlist.strings in Resources */,
				532DD9751530CA6400ED5845 /* UYLTaskListViewController_iPad.xib in Resources */,
				532DD9761530CA6400ED5845 /* UYLTaskListViewController_iPhone.xib in Resources */,
				532DD9771530CA6400ED5845 /* UYLTaskViewController_iPad.xib in Resources */,
				532DD9781530CA6400ED5845 /* UYLTaskViewController_iPhone.xib in Resources */,
				53BD55AA1533880300BCFB33 /* checked.png in Resources */,
				53BD55AB1533880300BCFB33 /* checked@2x.png in Resources */,
				53BD55AC1533880300BCFB33 /* start.png in Resources */,
				53BD55AD1533880300BCFB33 /* start@2x.png in Resources */,
				53BD55AE1533880300BCFB33 /* stop.png in Resources */,
				53BD55AF1533880300BCFB33 /* stop@2x.png in Resources */,
				53BD55B01533880300BCFB33 /* unchecked.png in Resources */,
				53BD55B11533880300BCFB33 /* unchecked@2x.png in Resources */,
				534644A5155F083D00B20849 /* redbutton.png in Resources */,
			);
			runOnlyForDeploymentPostprocessing = 0;
		};
/* End PBXResourcesBuildPhase section */

/* Begin PBXSourcesBuildPhase section */
		536270ED152E0A55009732E1 /* Sources */ = {
			isa = PBXSourcesBuildPhase;
			buildActionMask = 2147483647;
			files = (
				53627104152E0A55009732E1 /* main.m in Sources */,
				53627127152E0B87009732E1 /* Task.m in Sources */,
				5362712B152E0BF1009732E1 /* TaskTimer.xcdatamodeld in Sources */,
				532DD95A1530C8EC00ED5845 /* UYLCounterView.m in Sources */,
				532DD9601530C90300ED5845 /* UYLTaskListViewController.m in Sources */,
				532DD9611530C90300ED5845 /* UYLTaskViewController.m in Sources */,
				532DD96C1530C9AD00ED5845 /* UYLAppDelegate.m in Sources */,
				539F94F1153AE6F0009CF03D /* NSNumber+UYLTimeFormatter.m in Sources */,
			);
			runOnlyForDeploymentPostprocessing = 0;
		};
/* End PBXSourcesBuildPhase section */

/* Begin PBXVariantGroup section */
		532DD96D1530CA6400ED5845 /* UYLTaskListViewController_iPad.xib */ = {
			isa = PBXVariantGroup;
			children = (
				532DD96E1530CA6400ED5845 /* en */,
			);
			name = UYLTaskListViewController_iPad.xib;
			sourceTree = "<group>";
		};
		532DD96F1530CA6400ED5845 /* UYLTaskListViewController_iPhone.xib */ = {
			isa = PBXVariantGroup;
			children = (
				532DD9701530CA6400ED5845 /* en */,
			);
			name = UYLTaskListViewController_iPhone.xib;
			sourceTree = "<group>";
		};
		532DD9711530CA6400ED5845 /* UYLTaskViewController_iPad.xib */ = {
			isa = PBXVariantGroup;
			children = (
				532DD9721530CA6400ED5845 /* en */,
			);
			name = UYLTaskViewController_iPad.xib;
			sourceTree = "<group>";
		};
		532DD9731530CA6400ED5845 /* UYLTaskViewController_iPhone.xib */ = {
			isa = PBXVariantGroup;
			children = (
				532DD9741530CA6400ED5845 /* en */,
			);
			name = UYLTaskViewController_iPhone.xib;
			sourceTree = "<group>";
		};
		53627100152E0A55009732E1 /* InfoPlist.strings */ = {
			isa = PBXVariantGroup;
			children = (
				53627101152E0A55009732E1 /* en */,
			);
			name = InfoPlist.strings;
			sourceTree = "<group>";
		};
/* End PBXVariantGroup section */

/* Begin XCBuildConfiguration section */
		5362711E152E0A55009732E1 /* Debug */ = {
			isa = XCBuildConfiguration;
			buildSettings = {
				ALWAYS_SEARCH_USER_PATHS = NO;
				ARCHS = "$(ARCHS_STANDARD_32_BIT)";
				CLANG_ENABLE_OBJC_ARC = YES;
				"CODE_SIGN_IDENTITY[sdk=iphoneos*]" = "iPhone Developer";
				COPY_PHASE_STRIP = NO;
				GCC_C_LANGUAGE_STANDARD = gnu99;
				GCC_DYNAMIC_NO_PIC = NO;
				GCC_OPTIMIZATION_LEVEL = 0;
				GCC_PREPROCESSOR_DEFINITIONS = (
					"DEBUG=1",
					"$(inherited)",
				);
				GCC_SYMBOLS_PRIVATE_EXTERN = NO;
				GCC_VERSION = com.apple.compilers.llvm.clang.1_0;
				GCC_WARN_ABOUT_RETURN_TYPE = YES;
				GCC_WARN_UNINITIALIZED_AUTOS = YES;
				GCC_WARN_UNUSED_VARIABLE = YES;
				IPHONEOS_DEPLOYMENT_TARGET = 5.1;
				SDKROOT = iphoneos;
				TARGETED_DEVICE_FAMILY = "1,2";
			};
			name = Debug;
		};
		5362711F152E0A55009732E1 /* Release */ = {
			isa = XCBuildConfiguration;
			buildSettings = {
				ALWAYS_SEARCH_USER_PATHS = NO;
				ARCHS = "$(ARCHS_STANDARD_32_BIT)";
				CLANG_ENABLE_OBJC_ARC = YES;
				"CODE_SIGN_IDENTITY[sdk=iphoneos*]" = "iPhone Developer";
				COPY_PHASE_STRIP = YES;
				GCC_C_LANGUAGE_STANDARD = gnu99;
				GCC_VERSION = com.apple.compilers.llvm.clang.1_0;
				GCC_WARN_ABOUT_RETURN_TYPE = YES;
				GCC_WARN_UNINITIALIZED_AUTOS = YES;
				GCC_WARN_UNUSED_VARIABLE = YES;
				IPHONEOS_DEPLOYMENT_TARGET = 5.1;
				OTHER_CFLAGS = "-DNS_BLOCK_ASSERTIONS=1";
				SDKROOT = iphoneos;
				TARGETED_DEVICE_FAMILY = "1,2";
				VALIDATE_PRODUCT = YES;
			};
			name = Release;
		};
		53627121152E0A55009732E1 /* Debug */ = {
			isa = XCBuildConfiguration;
			buildSettings = {
				GCC_PRECOMPILE_PREFIX_HEADER = YES;
				GCC_PREFIX_HEADER = "TaskTimer/TaskTimer-Prefix.pch";
				INFOPLIST_FILE = "TaskTimer/TaskTimer-Info.plist";
				PRODUCT_NAME = "$(TARGET_NAME)";
				WRAPPER_EXTENSION = app;
			};
			name = Debug;
		};
		53627122152E0A55009732E1 /* Release */ = {
			isa = XCBuildConfiguration;
			buildSettings = {
				GCC_PRECOMPILE_PREFIX_HEADER = YES;
				GCC_PREFIX_HEADER = "TaskTimer/TaskTimer-Prefix.pch";
				INFOPLIST_FILE = "TaskTimer/TaskTimer-Info.plist";
				PRODUCT_NAME = "$(TARGET_NAME)";
				WRAPPER_EXTENSION = app;
			};
			name = Release;
		};
/* End XCBuildConfiguration section */

/* Begin XCConfigurationList section */
		536270EB152E0A55009732E1 /* Build configuration list for PBXProject "TaskTimer" */ = {
			isa = XCConfigurationList;
			buildConfigurations = (
				5362711E152E0A55009732E1 /* Debug */,
				5362711F152E0A55009732E1 /* Release */,
			);
			defaultConfigurationIsVisible = 0;
			defaultConfigurationName = Release;
		};
		53627120152E0A55009732E1 /* Build configuration list for PBXNativeTarget "TaskTimer" */ = {
			isa = XCConfigurationList;
			buildConfigurations = (
				53627121152E0A55009732E1 /* Debug */,
				53627122152E0A55009732E1 /* Release */,
			);
			defaultConfigurationIsVisible = 0;
			defaultConfigurationName = Release;
		};
/* End XCConfigurationList section */

/* Begin XCVersionGroup section */
		53627129152E0BF1009732E1 /* TaskTimer.xcdatamodeld */ = {
			isa = XCVersionGroup;
			children = (
				5362712A152E0BF1009732E1 /* Accessibile.xcdatamodel */,
			);
			currentVersion = 5362712A152E0BF1009732E1 /* Accessibile.xcdatamodel */;
			path = TaskTimer.xcdatamodeld;
			sourceTree = "<group>";
			versionGroupType = wrapper.xcdatamodel;
		};
/* End XCVersionGroup section */
	};
	rootObject = 536270E8152E0A55009732E1 /* Project object */;
}
